// !$*UTF8*$!
{
	archiveVersion = 1;
	classes = {
	};
	objectVersion = 56;
	objects = {

/* Begin PBXBuildFile section */
		0030771B2CF4CB5B008F7BDF /* MidTabBarViewController.swift in Sources */ = {isa = PBXBuildFile; fileRef = 0030771A2CF4CB5B008F7BDF /* MidTabBarViewController.swift */; };
		0030771D2CF4EF25008F7BDF /* MidGrayView.swift in Sources */ = {isa = PBXBuildFile; fileRef = 0030771C2CF4EF25008F7BDF /* MidGrayView.swift */; };
		0032F4B92CEDC4D500F14451 /* TopHeaderView.swift in Sources */ = {isa = PBXBuildFile; fileRef = 0032F4B82CEDC4D500F14451 /* TopHeaderView.swift */; };
		0032F4BB2CEDDB4800F14451 /* TopHeaderViewCell.swift in Sources */ = {isa = PBXBuildFile; fileRef = 0032F4BA2CEDDB4800F14451 /* TopHeaderViewCell.swift */; };
		003919E62CEDE81C005B7C43 /* TopTabBarCell.swift in Sources */ = {isa = PBXBuildFile; fileRef = 003919E52CEDE81C005B7C43 /* TopTabBarCell.swift */; };
		0060567F2CEC6C9000482BEC /* HomeView.swift in Sources */ = {isa = PBXBuildFile; fileRef = 0060567E2CEC6C9000482BEC /* HomeView.swift */; };
		00805C6C2CEF242D0016C6F7 /* ReserveRateCell.swift in Sources */ = {isa = PBXBuildFile; fileRef = 00805C6B2CEF242D0016C6F7 /* ReserveRateCell.swift */; };
		00805C702CEFAEC90016C6F7 /* MyCGVCell.swift in Sources */ = {isa = PBXBuildFile; fileRef = 00805C6F2CEFAEC90016C6F7 /* MyCGVCell.swift */; };
		00AE2A862CEE3A530024CE6C /* MidTabBarView.swift in Sources */ = {isa = PBXBuildFile; fileRef = 00AE2A852CEE3A530024CE6C /* MidTabBarView.swift */; };
		00AE2A882CEE3D5A0024CE6C /* MidTabBarCell.swift in Sources */ = {isa = PBXBuildFile; fileRef = 00AE2A872CEE3D5A0024CE6C /* MidTabBarCell.swift */; };
		00BF992A2CF05311000920A8 /* BottomFooterCell.swift in Sources */ = {isa = PBXBuildFile; fileRef = 00BF99292CF05311000920A8 /* BottomFooterCell.swift */; };
		00BF992C2CF0B69D000920A8 /* ProgressShareCell.swift in Sources */ = {isa = PBXBuildFile; fileRef = 00BF992B2CF0B69D000920A8 /* ProgressShareCell.swift */; };
		00C774282CEB98830020F5BA /* MidHeaderView.swift in Sources */ = {isa = PBXBuildFile; fileRef = 00C774272CEB98830020F5BA /* MidHeaderView.swift */; };
		00C7742A2CEB99C40020F5BA /* BannerImageCell.swift in Sources */ = {isa = PBXBuildFile; fileRef = 00C774292CEB99C40020F5BA /* BannerImageCell.swift */; };
		00C7742C2CEB9A5E0020F5BA /* BigImageCell.swift in Sources */ = {isa = PBXBuildFile; fileRef = 00C7742B2CEB9A5E0020F5BA /* BigImageCell.swift */; };
		00C7742E2CEB9BA10020F5BA /* MovieChartCell.swift in Sources */ = {isa = PBXBuildFile; fileRef = 00C7742D2CEB9BA10020F5BA /* MovieChartCell.swift */; };
		00C774302CEBAF7F0020F5BA /* HomeItem.swift in Sources */ = {isa = PBXBuildFile; fileRef = 00C7742F2CEBAF7F0020F5BA /* HomeItem.swift */; };
		00ED4AF12CE9E67900E562FA /* .gitignore in Resources */ = {isa = PBXBuildFile; fileRef = 00ED4AF02CE9E67900E562FA /* .gitignore */; };
		A300A4752CEF3E5C0063DFF4 /* SeatsCollectionViewCell.swift in Sources */ = {isa = PBXBuildFile; fileRef = A300A4742CEF3E5C0063DFF4 /* SeatsCollectionViewCell.swift */; };
		A300A4792CEF3EF90063DFF4 /* SeatsTimeModel.swift in Sources */ = {isa = PBXBuildFile; fileRef = A300A4782CEF3EF90063DFF4 /* SeatsTimeModel.swift */; };
		A300A4802CF021360063DFF4 /* BookingSheetViewController.swift in Sources */ = {isa = PBXBuildFile; fileRef = A300A47F2CF021360063DFF4 /* BookingSheetViewController.swift */; };
		A300A4822CF021410063DFF4 /* BookingSheetView.swift in Sources */ = {isa = PBXBuildFile; fileRef = A300A4812CF021410063DFF4 /* BookingSheetView.swift */; };
		A300A4CA2CF58C6C0063DFF4 /* Screen.swift in Sources */ = {isa = PBXBuildFile; fileRef = A300A4C92CF58C6C0063DFF4 /* Screen.swift */; };
		A36348B82CE8E937003B5322 /* AppDelegate.swift in Sources */ = {isa = PBXBuildFile; fileRef = A36348B72CE8E937003B5322 /* AppDelegate.swift */; };
		A36348BA2CE8E937003B5322 /* SceneDelegate.swift in Sources */ = {isa = PBXBuildFile; fileRef = A36348B92CE8E937003B5322 /* SceneDelegate.swift */; };
		A36348C12CE8E938003B5322 /* Assets.xcassets in Resources */ = {isa = PBXBuildFile; fileRef = A36348C02CE8E938003B5322 /* Assets.xcassets */; };
		A36348C42CE8E938003B5322 /* Base in Resources */ = {isa = PBXBuildFile; fileRef = A36348C32CE8E938003B5322 /* Base */; };
		A36348D92CE8EB3F003B5322 /* SnapKit in Frameworks */ = {isa = PBXBuildFile; productRef = A36348D82CE8EB3F003B5322 /* SnapKit */; };
		A36348DC2CE8EB46003B5322 /* Then in Frameworks */ = {isa = PBXBuildFile; productRef = A36348DB2CE8EB46003B5322 /* Then */; };
		A36348E02CE8EB85003B5322 /* HomeViewController.swift in Sources */ = {isa = PBXBuildFile; fileRef = A36348DF2CE8EB85003B5322 /* HomeViewController.swift */; };
		A36348F52CE9CF45003B5322 /* TimeViewController.swift in Sources */ = {isa = PBXBuildFile; fileRef = A36348F42CE9CF45003B5322 /* TimeViewController.swift */; };
		A36348F72CE9CF5B003B5322 /* SeatsViewController.swift in Sources */ = {isa = PBXBuildFile; fileRef = A36348F62CE9CF5B003B5322 /* SeatsViewController.swift */; };
		A36349042CEA49D4003B5322 /* UIView+.swift in Sources */ = {isa = PBXBuildFile; fileRef = A36349032CEA49D4003B5322 /* UIView+.swift */; };
		A36349062CEA4A70003B5322 /* UIStackView+.swift in Sources */ = {isa = PBXBuildFile; fileRef = A36349052CEA4A70003B5322 /* UIStackView+.swift */; };
		A36349082CEA4AA0003B5322 /* UIFont+.swift in Sources */ = {isa = PBXBuildFile; fileRef = A36349072CEA4AA0003B5322 /* UIFont+.swift */; };
		A363490C2CEA4FFF003B5322 /* UIButton+.swift in Sources */ = {isa = PBXBuildFile; fileRef = A363490B2CEA4FFF003B5322 /* UIButton+.swift */; };
		A363490F2CEA6608003B5322 /* KoPubWorldDotumBold.ttf in Resources */ = {isa = PBXBuildFile; fileRef = A363490D2CEA6607003B5322 /* KoPubWorldDotumBold.ttf */; };
		A36349102CEA6608003B5322 /* KoPubWorldDotumMedium.ttf in Resources */ = {isa = PBXBuildFile; fileRef = A363490E2CEA6608003B5322 /* KoPubWorldDotumMedium.ttf */; };
		A36349132CEA6612003B5322 /* MalgunGothicBold.ttf in Resources */ = {isa = PBXBuildFile; fileRef = A36349112CEA6612003B5322 /* MalgunGothicBold.ttf */; };
		A36349142CEA6612003B5322 /* MalgunGothicRegular.ttf in Resources */ = {isa = PBXBuildFile; fileRef = A36349122CEA6612003B5322 /* MalgunGothicRegular.ttf */; };
		A36349162CEA6936003B5322 /* NSAttributedString+.swift in Sources */ = {isa = PBXBuildFile; fileRef = A36349152CEA6936003B5322 /* NSAttributedString+.swift */; };
		A36349182CEA6E87003B5322 /* UILabel+.swift in Sources */ = {isa = PBXBuildFile; fileRef = A36349172CEA6E87003B5322 /* UILabel+.swift */; };
		A363491A2CEA7253003B5322 /* CAGradientLayer+.swift in Sources */ = {isa = PBXBuildFile; fileRef = A36349192CEA7253003B5322 /* CAGradientLayer+.swift */; };
		A363491C2CEA75E2003B5322 /* UIColor+.swift in Sources */ = {isa = PBXBuildFile; fileRef = A363491B2CEA75E2003B5322 /* UIColor+.swift */; };
		A363491F2CEA7C12003B5322 /* BaseViewController.swift in Sources */ = {isa = PBXBuildFile; fileRef = A363491E2CEA7C11003B5322 /* BaseViewController.swift */; };
		A36349212CEA7C1A003B5322 /* BaseView.swift in Sources */ = {isa = PBXBuildFile; fileRef = A36349202CEA7C1A003B5322 /* BaseView.swift */; };
		A36349232CEA7D06003B5322 /* BaseCollectionViewCell.swift in Sources */ = {isa = PBXBuildFile; fileRef = A36349222CEA7D06003B5322 /* BaseCollectionViewCell.swift */; };
		A36349252CEA7D34003B5322 /* BaseTableViewCell.swift in Sources */ = {isa = PBXBuildFile; fileRef = A36349242CEA7D34003B5322 /* BaseTableViewCell.swift */; };
		A36349282CEA7D89003B5322 /* ReuseIdentifable.swift in Sources */ = {isa = PBXBuildFile; fileRef = A36349272CEA7D89003B5322 /* ReuseIdentifable.swift */; };
		A36349322CEC2D6B003B5322 /* SeatsView.swift in Sources */ = {isa = PBXBuildFile; fileRef = A36349312CEC2D6B003B5322 /* SeatsView.swift */; };
		A36349342CEC2D9F003B5322 /* GuestCountSheetView.swift in Sources */ = {isa = PBXBuildFile; fileRef = A36349332CEC2D9F003B5322 /* GuestCountSheetView.swift */; };
		A36349362CEC2DAF003B5322 /* GuestCountSheetViewController.swift in Sources */ = {isa = PBXBuildFile; fileRef = A36349352CEC2DAF003B5322 /* GuestCountSheetViewController.swift */; };
		A36349392CEC971B003B5322 /* GuestCountButton.swift in Sources */ = {isa = PBXBuildFile; fileRef = A36349382CEC971B003B5322 /* GuestCountButton.swift */; };
		A3ED0AC12CF74E610074B07A /* Moya in Frameworks */ = {isa = PBXBuildFile; productRef = A3ED0AC02CF74E610074B07A /* Moya */; };
		AD1712462CF4A11500BEF3ED /* TimeSwiftUIView.swift in Sources */ = {isa = PBXBuildFile; fileRef = AD1712452CF4A11500BEF3ED /* TimeSwiftUIView.swift */; };
		AD1712482CF4BA0D00BEF3ED /* TimeSwiftUIViewModel.swift in Sources */ = {isa = PBXBuildFile; fileRef = AD1712472CF4BA0D00BEF3ED /* TimeSwiftUIViewModel.swift */; };
		AD17124A2CF4E1F700BEF3ED /* TheaterTimeTable.swift in Sources */ = {isa = PBXBuildFile; fileRef = AD1712492CF4E1F700BEF3ED /* TheaterTimeTable.swift */; };
		AD17124C2CF5B88C00BEF3ED /* GradientBackgroundView.swift in Sources */ = {isa = PBXBuildFile; fileRef = AD17124B2CF5B88C00BEF3ED /* GradientBackgroundView.swift */; };
		AD17124E2CF5B8D600BEF3ED /* DateCell.swift in Sources */ = {isa = PBXBuildFile; fileRef = AD17124D2CF5B8D600BEF3ED /* DateCell.swift */; };
		AD1712512CF5B92D00BEF3ED /* Color+.swift in Sources */ = {isa = PBXBuildFile; fileRef = AD1712502CF5B92D00BEF3ED /* Color+.swift */; };
		AD1712532CF5B94100BEF3ED /* Font+.swift in Sources */ = {isa = PBXBuildFile; fileRef = AD1712522CF5B94100BEF3ED /* Font+.swift */; };
		AD1712592CF5DD1B00BEF3ED /* TimeCellButton.swift in Sources */ = {isa = PBXBuildFile; fileRef = AD1712582CF5DD1B00BEF3ED /* TimeCellButton.swift */; };
		AD5DE9B52CF0D9FB00CA7F3E /* DateInfo.swift in Sources */ = {isa = PBXBuildFile; fileRef = AD5DE9B42CF0D9FB00CA7F3E /* DateInfo.swift */; };
		AD5DE9B72CF0DA1B00CA7F3E /* MoviePoster.swift in Sources */ = {isa = PBXBuildFile; fileRef = AD5DE9B62CF0DA1B00CA7F3E /* MoviePoster.swift */; };
		AD9263F02CEB747900F63581 /* TimeBottomSheetView.swift in Sources */ = {isa = PBXBuildFile; fileRef = AD9263EF2CEB747900F63581 /* TimeBottomSheetView.swift */; };
		AD9263F22CEC331800F63581 /* TimeBottomSheetViewController.swift in Sources */ = {isa = PBXBuildFile; fileRef = AD9263F12CEC331800F63581 /* TimeBottomSheetViewController.swift */; };
		AD9263F42CEC588200F63581 /* UnderlineSegmentedControl.swift in Sources */ = {isa = PBXBuildFile; fileRef = AD9263F32CEC588200F63581 /* UnderlineSegmentedControl.swift */; };
		AD9263F62CEC838600F63581 /* RegionType.swift in Sources */ = {isa = PBXBuildFile; fileRef = AD9263F52CEC838600F63581 /* RegionType.swift */; };
		AD9263F82CEC868D00F63581 /* RegionInfo.swift in Sources */ = {isa = PBXBuildFile; fileRef = AD9263F72CEC868D00F63581 /* RegionInfo.swift */; };
		AD9263FA2CEC86CA00F63581 /* TheaterInfo.swift in Sources */ = {isa = PBXBuildFile; fileRef = AD9263F92CEC86CA00F63581 /* TheaterInfo.swift */; };
		AD9BE8122CEDBC1C00650769 /* TheaterButton.swift in Sources */ = {isa = PBXBuildFile; fileRef = AD9BE8112CEDBC1C00650769 /* TheaterButton.swift */; };
		AD9BE8142CEDD60800650769 /* TheaterChipButton.swift in Sources */ = {isa = PBXBuildFile; fileRef = AD9BE8132CEDD60800650769 /* TheaterChipButton.swift */; };
		ADB60EE32CEA1A8B005C6EAC /* Colors.xcassets in Resources */ = {isa = PBXBuildFile; fileRef = ADB60EE22CEA1A8B005C6EAC /* Colors.xcassets */; };
/* End PBXBuildFile section */

/* Begin PBXFileReference section */
		0030771A2CF4CB5B008F7BDF /* MidTabBarViewController.swift */ = {isa = PBXFileReference; lastKnownFileType = sourcecode.swift; path = MidTabBarViewController.swift; sourceTree = "<group>"; };
		0030771C2CF4EF25008F7BDF /* MidGrayView.swift */ = {isa = PBXFileReference; lastKnownFileType = sourcecode.swift; path = MidGrayView.swift; sourceTree = "<group>"; };
		0032F4B82CEDC4D500F14451 /* TopHeaderView.swift */ = {isa = PBXFileReference; lastKnownFileType = sourcecode.swift; path = TopHeaderView.swift; sourceTree = "<group>"; };
		0032F4BA2CEDDB4800F14451 /* TopHeaderViewCell.swift */ = {isa = PBXFileReference; lastKnownFileType = sourcecode.swift; path = TopHeaderViewCell.swift; sourceTree = "<group>"; };
		003919E52CEDE81C005B7C43 /* TopTabBarCell.swift */ = {isa = PBXFileReference; lastKnownFileType = sourcecode.swift; path = TopTabBarCell.swift; sourceTree = "<group>"; };
		0060567E2CEC6C9000482BEC /* HomeView.swift */ = {isa = PBXFileReference; lastKnownFileType = sourcecode.swift; path = HomeView.swift; sourceTree = "<group>"; };
		00805C6B2CEF242D0016C6F7 /* ReserveRateCell.swift */ = {isa = PBXFileReference; lastKnownFileType = sourcecode.swift; path = ReserveRateCell.swift; sourceTree = "<group>"; };
		00805C6F2CEFAEC90016C6F7 /* MyCGVCell.swift */ = {isa = PBXFileReference; lastKnownFileType = sourcecode.swift; path = MyCGVCell.swift; sourceTree = "<group>"; };
		00AE2A852CEE3A530024CE6C /* MidTabBarView.swift */ = {isa = PBXFileReference; lastKnownFileType = sourcecode.swift; path = MidTabBarView.swift; sourceTree = "<group>"; };
		00AE2A872CEE3D5A0024CE6C /* MidTabBarCell.swift */ = {isa = PBXFileReference; lastKnownFileType = sourcecode.swift; path = MidTabBarCell.swift; sourceTree = "<group>"; };
		00BF99292CF05311000920A8 /* BottomFooterCell.swift */ = {isa = PBXFileReference; lastKnownFileType = sourcecode.swift; path = BottomFooterCell.swift; sourceTree = "<group>"; };
		00BF992B2CF0B69D000920A8 /* ProgressShareCell.swift */ = {isa = PBXFileReference; lastKnownFileType = sourcecode.swift; path = ProgressShareCell.swift; sourceTree = "<group>"; };
		00C774272CEB98830020F5BA /* MidHeaderView.swift */ = {isa = PBXFileReference; lastKnownFileType = sourcecode.swift; path = MidHeaderView.swift; sourceTree = "<group>"; };
		00C774292CEB99C40020F5BA /* BannerImageCell.swift */ = {isa = PBXFileReference; lastKnownFileType = sourcecode.swift; path = BannerImageCell.swift; sourceTree = "<group>"; };
		00C7742B2CEB9A5E0020F5BA /* BigImageCell.swift */ = {isa = PBXFileReference; lastKnownFileType = sourcecode.swift; path = BigImageCell.swift; sourceTree = "<group>"; };
		00C7742D2CEB9BA10020F5BA /* MovieChartCell.swift */ = {isa = PBXFileReference; lastKnownFileType = sourcecode.swift; path = MovieChartCell.swift; sourceTree = "<group>"; };
		00C7742F2CEBAF7F0020F5BA /* HomeItem.swift */ = {isa = PBXFileReference; lastKnownFileType = sourcecode.swift; path = HomeItem.swift; sourceTree = "<group>"; };
		00ED4AF02CE9E67900E562FA /* .gitignore */ = {isa = PBXFileReference; lastKnownFileType = text; path = .gitignore; sourceTree = "<group>"; };
		A300A4742CEF3E5C0063DFF4 /* SeatsCollectionViewCell.swift */ = {isa = PBXFileReference; lastKnownFileType = sourcecode.swift; path = SeatsCollectionViewCell.swift; sourceTree = "<group>"; };
		A300A4782CEF3EF90063DFF4 /* SeatsTimeModel.swift */ = {isa = PBXFileReference; lastKnownFileType = sourcecode.swift; path = SeatsTimeModel.swift; sourceTree = "<group>"; };
		A300A47F2CF021360063DFF4 /* BookingSheetViewController.swift */ = {isa = PBXFileReference; lastKnownFileType = sourcecode.swift; path = BookingSheetViewController.swift; sourceTree = "<group>"; };
		A300A4812CF021410063DFF4 /* BookingSheetView.swift */ = {isa = PBXFileReference; lastKnownFileType = sourcecode.swift; path = BookingSheetView.swift; sourceTree = "<group>"; };
		A300A4C92CF58C6C0063DFF4 /* Screen.swift */ = {isa = PBXFileReference; lastKnownFileType = sourcecode.swift; path = Screen.swift; sourceTree = "<group>"; };
		A36348B42CE8E937003B5322 /* CGV.app */ = {isa = PBXFileReference; explicitFileType = wrapper.application; includeInIndex = 0; path = CGV.app; sourceTree = BUILT_PRODUCTS_DIR; };
		A36348B72CE8E937003B5322 /* AppDelegate.swift */ = {isa = PBXFileReference; lastKnownFileType = sourcecode.swift; path = AppDelegate.swift; sourceTree = "<group>"; };
		A36348B92CE8E937003B5322 /* SceneDelegate.swift */ = {isa = PBXFileReference; lastKnownFileType = sourcecode.swift; path = SceneDelegate.swift; sourceTree = "<group>"; };
		A36348C02CE8E938003B5322 /* Assets.xcassets */ = {isa = PBXFileReference; lastKnownFileType = folder.assetcatalog; path = Assets.xcassets; sourceTree = "<group>"; };
		A36348C32CE8E938003B5322 /* Base */ = {isa = PBXFileReference; lastKnownFileType = file.storyboard; name = Base; path = Base.lproj/LaunchScreen.storyboard; sourceTree = "<group>"; };
		A36348C52CE8E938003B5322 /* Info.plist */ = {isa = PBXFileReference; lastKnownFileType = text.plist.xml; path = Info.plist; sourceTree = "<group>"; };
		A36348DF2CE8EB85003B5322 /* HomeViewController.swift */ = {isa = PBXFileReference; lastKnownFileType = sourcecode.swift; path = HomeViewController.swift; sourceTree = "<group>"; };
		A36348F42CE9CF45003B5322 /* TimeViewController.swift */ = {isa = PBXFileReference; lastKnownFileType = sourcecode.swift; path = TimeViewController.swift; sourceTree = "<group>"; };
		A36348F62CE9CF5B003B5322 /* SeatsViewController.swift */ = {isa = PBXFileReference; lastKnownFileType = sourcecode.swift; path = SeatsViewController.swift; sourceTree = "<group>"; };
		A36349032CEA49D4003B5322 /* UIView+.swift */ = {isa = PBXFileReference; lastKnownFileType = sourcecode.swift; path = "UIView+.swift"; sourceTree = "<group>"; };
		A36349052CEA4A70003B5322 /* UIStackView+.swift */ = {isa = PBXFileReference; lastKnownFileType = sourcecode.swift; path = "UIStackView+.swift"; sourceTree = "<group>"; };
		A36349072CEA4AA0003B5322 /* UIFont+.swift */ = {isa = PBXFileReference; lastKnownFileType = sourcecode.swift; path = "UIFont+.swift"; sourceTree = "<group>"; };
		A363490B2CEA4FFF003B5322 /* UIButton+.swift */ = {isa = PBXFileReference; lastKnownFileType = sourcecode.swift; path = "UIButton+.swift"; sourceTree = "<group>"; };
		A363490D2CEA6607003B5322 /* KoPubWorldDotumBold.ttf */ = {isa = PBXFileReference; lastKnownFileType = file; path = KoPubWorldDotumBold.ttf; sourceTree = "<group>"; };
		A363490E2CEA6608003B5322 /* KoPubWorldDotumMedium.ttf */ = {isa = PBXFileReference; lastKnownFileType = file; path = KoPubWorldDotumMedium.ttf; sourceTree = "<group>"; };
		A36349112CEA6612003B5322 /* MalgunGothicBold.ttf */ = {isa = PBXFileReference; lastKnownFileType = file; path = MalgunGothicBold.ttf; sourceTree = "<group>"; };
		A36349122CEA6612003B5322 /* MalgunGothicRegular.ttf */ = {isa = PBXFileReference; lastKnownFileType = file; path = MalgunGothicRegular.ttf; sourceTree = "<group>"; };
		A36349152CEA6936003B5322 /* NSAttributedString+.swift */ = {isa = PBXFileReference; lastKnownFileType = sourcecode.swift; path = "NSAttributedString+.swift"; sourceTree = "<group>"; };
		A36349172CEA6E87003B5322 /* UILabel+.swift */ = {isa = PBXFileReference; lastKnownFileType = sourcecode.swift; path = "UILabel+.swift"; sourceTree = "<group>"; };
		A36349192CEA7253003B5322 /* CAGradientLayer+.swift */ = {isa = PBXFileReference; lastKnownFileType = sourcecode.swift; path = "CAGradientLayer+.swift"; sourceTree = "<group>"; };
		A363491B2CEA75E2003B5322 /* UIColor+.swift */ = {isa = PBXFileReference; lastKnownFileType = sourcecode.swift; path = "UIColor+.swift"; sourceTree = "<group>"; };
		A363491E2CEA7C11003B5322 /* BaseViewController.swift */ = {isa = PBXFileReference; lastKnownFileType = sourcecode.swift; path = BaseViewController.swift; sourceTree = "<group>"; };
		A36349202CEA7C1A003B5322 /* BaseView.swift */ = {isa = PBXFileReference; lastKnownFileType = sourcecode.swift; path = BaseView.swift; sourceTree = "<group>"; };
		A36349222CEA7D06003B5322 /* BaseCollectionViewCell.swift */ = {isa = PBXFileReference; lastKnownFileType = sourcecode.swift; path = BaseCollectionViewCell.swift; sourceTree = "<group>"; };
		A36349242CEA7D34003B5322 /* BaseTableViewCell.swift */ = {isa = PBXFileReference; lastKnownFileType = sourcecode.swift; path = BaseTableViewCell.swift; sourceTree = "<group>"; };
		A36349272CEA7D89003B5322 /* ReuseIdentifable.swift */ = {isa = PBXFileReference; lastKnownFileType = sourcecode.swift; path = ReuseIdentifable.swift; sourceTree = "<group>"; };
		A36349312CEC2D6B003B5322 /* SeatsView.swift */ = {isa = PBXFileReference; lastKnownFileType = sourcecode.swift; path = SeatsView.swift; sourceTree = "<group>"; };
		A36349332CEC2D9F003B5322 /* GuestCountSheetView.swift */ = {isa = PBXFileReference; lastKnownFileType = sourcecode.swift; path = GuestCountSheetView.swift; sourceTree = "<group>"; };
		A36349352CEC2DAF003B5322 /* GuestCountSheetViewController.swift */ = {isa = PBXFileReference; lastKnownFileType = sourcecode.swift; path = GuestCountSheetViewController.swift; sourceTree = "<group>"; };
		A36349382CEC971B003B5322 /* GuestCountButton.swift */ = {isa = PBXFileReference; lastKnownFileType = sourcecode.swift; path = GuestCountButton.swift; sourceTree = "<group>"; };
		AD1712452CF4A11500BEF3ED /* TimeSwiftUIView.swift */ = {isa = PBXFileReference; lastKnownFileType = sourcecode.swift; path = TimeSwiftUIView.swift; sourceTree = "<group>"; };
		AD1712472CF4BA0D00BEF3ED /* TimeSwiftUIViewModel.swift */ = {isa = PBXFileReference; lastKnownFileType = sourcecode.swift; path = TimeSwiftUIViewModel.swift; sourceTree = "<group>"; };
		AD1712492CF4E1F700BEF3ED /* TheaterTimeTable.swift */ = {isa = PBXFileReference; lastKnownFileType = sourcecode.swift; path = TheaterTimeTable.swift; sourceTree = "<group>"; };
		AD17124B2CF5B88C00BEF3ED /* GradientBackgroundView.swift */ = {isa = PBXFileReference; lastKnownFileType = sourcecode.swift; path = GradientBackgroundView.swift; sourceTree = "<group>"; };
		AD17124D2CF5B8D600BEF3ED /* DateCell.swift */ = {isa = PBXFileReference; lastKnownFileType = sourcecode.swift; path = DateCell.swift; sourceTree = "<group>"; };
		AD1712502CF5B92D00BEF3ED /* Color+.swift */ = {isa = PBXFileReference; lastKnownFileType = sourcecode.swift; path = "Color+.swift"; sourceTree = "<group>"; };
		AD1712522CF5B94100BEF3ED /* Font+.swift */ = {isa = PBXFileReference; lastKnownFileType = sourcecode.swift; path = "Font+.swift"; sourceTree = "<group>"; };
		AD1712582CF5DD1B00BEF3ED /* TimeCellButton.swift */ = {isa = PBXFileReference; lastKnownFileType = sourcecode.swift; path = TimeCellButton.swift; sourceTree = "<group>"; };
		AD5DE9B42CF0D9FB00CA7F3E /* DateInfo.swift */ = {isa = PBXFileReference; lastKnownFileType = sourcecode.swift; path = DateInfo.swift; sourceTree = "<group>"; };
		AD5DE9B62CF0DA1B00CA7F3E /* MoviePoster.swift */ = {isa = PBXFileReference; lastKnownFileType = sourcecode.swift; path = MoviePoster.swift; sourceTree = "<group>"; };
		AD9263EF2CEB747900F63581 /* TimeBottomSheetView.swift */ = {isa = PBXFileReference; lastKnownFileType = sourcecode.swift; path = TimeBottomSheetView.swift; sourceTree = "<group>"; };
		AD9263F12CEC331800F63581 /* TimeBottomSheetViewController.swift */ = {isa = PBXFileReference; lastKnownFileType = sourcecode.swift; path = TimeBottomSheetViewController.swift; sourceTree = "<group>"; };
		AD9263F32CEC588200F63581 /* UnderlineSegmentedControl.swift */ = {isa = PBXFileReference; lastKnownFileType = sourcecode.swift; path = UnderlineSegmentedControl.swift; sourceTree = "<group>"; };
		AD9263F52CEC838600F63581 /* RegionType.swift */ = {isa = PBXFileReference; lastKnownFileType = sourcecode.swift; path = RegionType.swift; sourceTree = "<group>"; };
		AD9263F72CEC868D00F63581 /* RegionInfo.swift */ = {isa = PBXFileReference; lastKnownFileType = sourcecode.swift; path = RegionInfo.swift; sourceTree = "<group>"; };
		AD9263F92CEC86CA00F63581 /* TheaterInfo.swift */ = {isa = PBXFileReference; lastKnownFileType = sourcecode.swift; path = TheaterInfo.swift; sourceTree = "<group>"; };
		AD9BE8112CEDBC1C00650769 /* TheaterButton.swift */ = {isa = PBXFileReference; lastKnownFileType = sourcecode.swift; path = TheaterButton.swift; sourceTree = "<group>"; };
		AD9BE8132CEDD60800650769 /* TheaterChipButton.swift */ = {isa = PBXFileReference; lastKnownFileType = sourcecode.swift; path = TheaterChipButton.swift; sourceTree = "<group>"; };
		ADB60EE22CEA1A8B005C6EAC /* Colors.xcassets */ = {isa = PBXFileReference; lastKnownFileType = folder.assetcatalog; path = Colors.xcassets; sourceTree = "<group>"; };
/* End PBXFileReference section */

/* Begin PBXFrameworksBuildPhase section */
		A36348B12CE8E937003B5322 /* Frameworks */ = {
			isa = PBXFrameworksBuildPhase;
			buildActionMask = 2147483647;
			files = (
				A36348D92CE8EB3F003B5322 /* SnapKit in Frameworks */,
				A36348DC2CE8EB46003B5322 /* Then in Frameworks */,
				A3ED0AC12CF74E610074B07A /* Moya in Frameworks */,
			);
			runOnlyForDeploymentPostprocessing = 0;
		};
/* End PBXFrameworksBuildPhase section */

/* Begin PBXGroup section */
		0032F4B52CEDC48400F14451 /* View */ = {
			isa = PBXGroup;
			children = (
				A300A47A2CEF98270063DFF4 /* Cell */,
				0060567E2CEC6C9000482BEC /* HomeView.swift */,
				0032F4B82CEDC4D500F14451 /* TopHeaderView.swift */,
				00C774272CEB98830020F5BA /* MidHeaderView.swift */,
				00AE2A852CEE3A530024CE6C /* MidTabBarView.swift */,
				0030771C2CF4EF25008F7BDF /* MidGrayView.swift */,
			);
			path = View;
			sourceTree = "<group>";
		};
		0032F4B62CEDC48F00F14451 /* ViewController */ = {
			isa = PBXGroup;
			children = (
				A36348DF2CE8EB85003B5322 /* HomeViewController.swift */,
				0030771A2CF4CB5B008F7BDF /* MidTabBarViewController.swift */,
			);
			path = ViewController;
			sourceTree = "<group>";
		};
		0032F4B72CEDC4A300F14451 /* Model */ = {
			isa = PBXGroup;
			children = (
				00C7742F2CEBAF7F0020F5BA /* HomeItem.swift */,
			);
			path = Model;
			sourceTree = "<group>";
		};
		A300A4772CEF3EE30063DFF4 /* Model */ = {
			isa = PBXGroup;
			children = (
				A300A4782CEF3EF90063DFF4 /* SeatsTimeModel.swift */,
			);
			path = Model;
			sourceTree = "<group>";
		};
		A300A47A2CEF98270063DFF4 /* Cell */ = {
			isa = PBXGroup;
			children = (
				0032F4BA2CEDDB4800F14451 /* TopHeaderViewCell.swift */,
				003919E52CEDE81C005B7C43 /* TopTabBarCell.swift */,
				00AE2A872CEE3D5A0024CE6C /* MidTabBarCell.swift */,
				00C774292CEB99C40020F5BA /* BannerImageCell.swift */,
				00C7742D2CEB9BA10020F5BA /* MovieChartCell.swift */,
				00C7742B2CEB9A5E0020F5BA /* BigImageCell.swift */,
				00805C6B2CEF242D0016C6F7 /* ReserveRateCell.swift */,
				00805C6F2CEFAEC90016C6F7 /* MyCGVCell.swift */,
				00BF99292CF05311000920A8 /* BottomFooterCell.swift */,
				00BF992B2CF0B69D000920A8 /* ProgressShareCell.swift */,
			);
			path = Cell;
			sourceTree = "<group>";
		};
		A300A47B2CEF98500063DFF4 /* ViewController */ = {
			isa = PBXGroup;
			children = (
				A36348F42CE9CF45003B5322 /* TimeViewController.swift */,
				AD9263F32CEC588200F63581 /* UnderlineSegmentedControl.swift */,
				AD9263F12CEC331800F63581 /* TimeBottomSheetViewController.swift */,
			);
			path = ViewController;
			sourceTree = "<group>";
		};
		A300A47C2CEF98570063DFF4 /* View */ = {
			isa = PBXGroup;
			children = (
				AD5DE9BC2CF0DA7400CA7F3E /* Component */,
				AD9263EF2CEB747900F63581 /* TimeBottomSheetView.swift */,
				AD1712452CF4A11500BEF3ED /* TimeSwiftUIView.swift */,
			);
			path = View;
			sourceTree = "<group>";
		};
		A300A47D2CEF985C0063DFF4 /* Model */ = {
			isa = PBXGroup;
			children = (
				AD9263F52CEC838600F63581 /* RegionType.swift */,
				AD9263F72CEC868D00F63581 /* RegionInfo.swift */,
				AD9263F92CEC86CA00F63581 /* TheaterInfo.swift */,
				AD5DE9B42CF0D9FB00CA7F3E /* DateInfo.swift */,
				AD5DE9B62CF0DA1B00CA7F3E /* MoviePoster.swift */,
				AD1712472CF4BA0D00BEF3ED /* TimeSwiftUIViewModel.swift */,
				AD1712492CF4E1F700BEF3ED /* TheaterTimeTable.swift */,
			);
			path = Model;
			sourceTree = "<group>";
		};
		A300A47E2CF020F40063DFF4 /* Cell */ = {
			isa = PBXGroup;
			children = (
				A300A4742CEF3E5C0063DFF4 /* SeatsCollectionViewCell.swift */,
			);
			path = Cell;
			sourceTree = "<group>";
		};
		A36348AB2CE8E937003B5322 = {
			isa = PBXGroup;
			children = (
				00ED4AF02CE9E67900E562FA /* .gitignore */,
				A36348B62CE8E937003B5322 /* CGV */,
				A36348B52CE8E937003B5322 /* Products */,
			);
			sourceTree = "<group>";
		};
		A36348B52CE8E937003B5322 /* Products */ = {
			isa = PBXGroup;
			children = (
				A36348B42CE8E937003B5322 /* CGV.app */,
			);
			name = Products;
			sourceTree = "<group>";
		};
		A36348B62CE8E937003B5322 /* CGV */ = {
			isa = PBXGroup;
			children = (
				A36348CB2CE8E9C8003B5322 /* Application */,
				A36348CC2CE8E9DC003B5322 /* Resource */,
				A36348CF2CE8E9FD003B5322 /* Presentation */,
			);
			path = CGV;
			sourceTree = "<group>";
		};
		A36348CB2CE8E9C8003B5322 /* Application */ = {
			isa = PBXGroup;
			children = (
				A36348B72CE8E937003B5322 /* AppDelegate.swift */,
				A36348B92CE8E937003B5322 /* SceneDelegate.swift */,
			);
			path = Application;
			sourceTree = "<group>";
		};
		A36348CC2CE8E9DC003B5322 /* Resource */ = {
			isa = PBXGroup;
			children = (
				A363491D2CEA7BF1003B5322 /* Base */,
				A36349372CEC96F5003B5322 /* Components */,
				A36349022CEA49C0003B5322 /* Extensions */,
				A36349262CEA7D71003B5322 /* Util */,
				A36348F82CEA4857003B5322 /* Fonts */,
				A36348C02CE8E938003B5322 /* Assets.xcassets */,
				ADB60EE22CEA1A8B005C6EAC /* Colors.xcassets */,
				A36348C52CE8E938003B5322 /* Info.plist */,
				A36348C22CE8E938003B5322 /* LaunchScreen.storyboard */,
			);
			path = Resource;
			sourceTree = "<group>";
		};
		A36348CF2CE8E9FD003B5322 /* Presentation */ = {
			isa = PBXGroup;
			children = (
				A36348D42CE8EA3A003B5322 /* Home */,
				A36348D52CE8EA3E003B5322 /* Time */,
				A36348D62CE8EA47003B5322 /* Seats */,
			);
			path = Presentation;
			sourceTree = "<group>";
		};
		A36348D42CE8EA3A003B5322 /* Home */ = {
			isa = PBXGroup;
			children = (
				0032F4B72CEDC4A300F14451 /* Model */,
				0032F4B52CEDC48400F14451 /* View */,
				0032F4B62CEDC48F00F14451 /* ViewController */,
			);
			path = Home;
			sourceTree = "<group>";
		};
		A36348D52CE8EA3E003B5322 /* Time */ = {
			isa = PBXGroup;
			children = (
				AD17124F2CF5B92300BEF3ED /* Extenstions */,
				A300A47D2CEF985C0063DFF4 /* Model */,
				A300A47C2CEF98570063DFF4 /* View */,
				A300A47B2CEF98500063DFF4 /* ViewController */,
			);
			path = Time;
			sourceTree = "<group>";
		};
		A36348D62CE8EA47003B5322 /* Seats */ = {
			isa = PBXGroup;
			children = (
				A300A4772CEF3EE30063DFF4 /* Model */,
				A36349302CEC2D5A003B5322 /* View */,
				A363492F2CEC2D47003B5322 /* ViewController */,
			);
			path = Seats;
			sourceTree = "<group>";
		};
		A36348F82CEA4857003B5322 /* Fonts */ = {
			isa = PBXGroup;
			children = (
				A363490D2CEA6607003B5322 /* KoPubWorldDotumBold.ttf */,
				A363490E2CEA6608003B5322 /* KoPubWorldDotumMedium.ttf */,
				A36349112CEA6612003B5322 /* MalgunGothicBold.ttf */,
				A36349122CEA6612003B5322 /* MalgunGothicRegular.ttf */,
			);
			path = Fonts;
			sourceTree = "<group>";
		};
		A36349022CEA49C0003B5322 /* Extensions */ = {
			isa = PBXGroup;
			children = (
				A36349032CEA49D4003B5322 /* UIView+.swift */,
				A36349052CEA4A70003B5322 /* UIStackView+.swift */,
				A36349072CEA4AA0003B5322 /* UIFont+.swift */,
				A36349172CEA6E87003B5322 /* UILabel+.swift */,
				A363490B2CEA4FFF003B5322 /* UIButton+.swift */,
				A36349152CEA6936003B5322 /* NSAttributedString+.swift */,
				A363491B2CEA75E2003B5322 /* UIColor+.swift */,
				A36349192CEA7253003B5322 /* CAGradientLayer+.swift */,
			);
			path = Extensions;
			sourceTree = "<group>";
		};
		A363491D2CEA7BF1003B5322 /* Base */ = {
			isa = PBXGroup;
			children = (
				A36349202CEA7C1A003B5322 /* BaseView.swift */,
				A363491E2CEA7C11003B5322 /* BaseViewController.swift */,
				A36349242CEA7D34003B5322 /* BaseTableViewCell.swift */,
				A36349222CEA7D06003B5322 /* BaseCollectionViewCell.swift */,
			);
			path = Base;
			sourceTree = "<group>";
		};
		A36349262CEA7D71003B5322 /* Util */ = {
			isa = PBXGroup;
			children = (
				A36349272CEA7D89003B5322 /* ReuseIdentifable.swift */,
				A300A4C92CF58C6C0063DFF4 /* Screen.swift */,
			);
			path = Util;
			sourceTree = "<group>";
		};
		A363492F2CEC2D47003B5322 /* ViewController */ = {
			isa = PBXGroup;
			children = (
				A36348F62CE9CF5B003B5322 /* SeatsViewController.swift */,
				A36349352CEC2DAF003B5322 /* GuestCountSheetViewController.swift */,
				A300A47F2CF021360063DFF4 /* BookingSheetViewController.swift */,
			);
			path = ViewController;
			sourceTree = "<group>";
		};
		A36349302CEC2D5A003B5322 /* View */ = {
			isa = PBXGroup;
			children = (
				A300A47E2CF020F40063DFF4 /* Cell */,
				A36349312CEC2D6B003B5322 /* SeatsView.swift */,
				A36349332CEC2D9F003B5322 /* GuestCountSheetView.swift */,
				A300A4812CF021410063DFF4 /* BookingSheetView.swift */,
			);
			path = View;
			sourceTree = "<group>";
		};
		A36349372CEC96F5003B5322 /* Components */ = {
			isa = PBXGroup;
			children = (
				A36349382CEC971B003B5322 /* GuestCountButton.swift */,
				AD9BE8112CEDBC1C00650769 /* TheaterButton.swift */,
				AD9BE8132CEDD60800650769 /* TheaterChipButton.swift */,
			);
			path = Components;
			sourceTree = "<group>";
		};
		AD17124F2CF5B92300BEF3ED /* Extenstions */ = {
			isa = PBXGroup;
			children = (
				AD1712522CF5B94100BEF3ED /* Font+.swift */,
				AD1712502CF5B92D00BEF3ED /* Color+.swift */,
			);
			path = Extenstions;
			sourceTree = "<group>";
		};
		AD5DE9BC2CF0DA7400CA7F3E /* Component */ = {
			isa = PBXGroup;
			children = (
				AD17124D2CF5B8D600BEF3ED /* DateCell.swift */,
				AD17124B2CF5B88C00BEF3ED /* GradientBackgroundView.swift */,
				AD1712582CF5DD1B00BEF3ED /* TimeCellButton.swift */,
			);
			path = Component;
			sourceTree = "<group>";
		};
/* End PBXGroup section */

/* Begin PBXNativeTarget section */
		A36348B32CE8E937003B5322 /* CGV */ = {
			isa = PBXNativeTarget;
			buildConfigurationList = A36348C82CE8E938003B5322 /* Build configuration list for PBXNativeTarget "CGV" */;
			buildPhases = (
				A36348B02CE8E937003B5322 /* Sources */,
				A36348B12CE8E937003B5322 /* Frameworks */,
				A36348B22CE8E937003B5322 /* Resources */,
			);
			buildRules = (
			);
			dependencies = (
			);
			name = CGV;
			packageProductDependencies = (
				A36348D82CE8EB3F003B5322 /* SnapKit */,
				A36348DB2CE8EB46003B5322 /* Then */,
				A3ED0AC02CF74E610074B07A /* Moya */,
			);
			productName = CGV;
			productReference = A36348B42CE8E937003B5322 /* CGV.app */;
			productType = "com.apple.product-type.application";
		};
/* End PBXNativeTarget section */

/* Begin PBXProject section */
		A36348AC2CE8E937003B5322 /* Project object */ = {
			isa = PBXProject;
			attributes = {
				BuildIndependentTargetsInParallel = 1;
				LastSwiftUpdateCheck = 1540;
				LastUpgradeCheck = 1540;
				TargetAttributes = {
					A36348B32CE8E937003B5322 = {
						CreatedOnToolsVersion = 15.4;
					};
				};
			};
			buildConfigurationList = A36348AF2CE8E937003B5322 /* Build configuration list for PBXProject "CGV" */;
			compatibilityVersion = "Xcode 14.0";
			developmentRegion = en;
			hasScannedForEncodings = 0;
			knownRegions = (
				en,
				Base,
			);
			mainGroup = A36348AB2CE8E937003B5322;
			packageReferences = (
				A36348D72CE8EB3F003B5322 /* XCRemoteSwiftPackageReference "SnapKit" */,
				A36348DA2CE8EB46003B5322 /* XCRemoteSwiftPackageReference "Then" */,
				A3ED0ABF2CF74E610074B07A /* XCRemoteSwiftPackageReference "Moya" */,
			);
			productRefGroup = A36348B52CE8E937003B5322 /* Products */;
			projectDirPath = "";
			projectRoot = "";
			targets = (
				A36348B32CE8E937003B5322 /* CGV */,
			);
		};
/* End PBXProject section */

/* Begin PBXResourcesBuildPhase section */
		A36348B22CE8E937003B5322 /* Resources */ = {
			isa = PBXResourcesBuildPhase;
			buildActionMask = 2147483647;
			files = (
				ADB60EE32CEA1A8B005C6EAC /* Colors.xcassets in Resources */,
				A36349142CEA6612003B5322 /* MalgunGothicRegular.ttf in Resources */,
				A36348C12CE8E938003B5322 /* Assets.xcassets in Resources */,
				00ED4AF12CE9E67900E562FA /* .gitignore in Resources */,
				A36348C42CE8E938003B5322 /* Base in Resources */,
				A363490F2CEA6608003B5322 /* KoPubWorldDotumBold.ttf in Resources */,
				A36349102CEA6608003B5322 /* KoPubWorldDotumMedium.ttf in Resources */,
				A36349132CEA6612003B5322 /* MalgunGothicBold.ttf in Resources */,
			);
			runOnlyForDeploymentPostprocessing = 0;
		};
/* End PBXResourcesBuildPhase section */

/* Begin PBXSourcesBuildPhase section */
		A36348B02CE8E937003B5322 /* Sources */ = {
			isa = PBXSourcesBuildPhase;
			buildActionMask = 2147483647;
			files = (
				A36349082CEA4AA0003B5322 /* UIFont+.swift in Sources */,
				A300A4792CEF3EF90063DFF4 /* SeatsTimeModel.swift in Sources */,
				003919E62CEDE81C005B7C43 /* TopTabBarCell.swift in Sources */,
				A300A4CA2CF58C6C0063DFF4 /* Screen.swift in Sources */,
				0032F4B92CEDC4D500F14451 /* TopHeaderView.swift in Sources */,
				A36349062CEA4A70003B5322 /* UIStackView+.swift in Sources */,
				00C7742C2CEB9A5E0020F5BA /* BigImageCell.swift in Sources */,
				0030771D2CF4EF25008F7BDF /* MidGrayView.swift in Sources */,
				00AE2A882CEE3D5A0024CE6C /* MidTabBarCell.swift in Sources */,
				00C7742A2CEB99C40020F5BA /* BannerImageCell.swift in Sources */,
				A36349042CEA49D4003B5322 /* UIView+.swift in Sources */,
				00BF992A2CF05311000920A8 /* BottomFooterCell.swift in Sources */,
				00AE2A862CEE3A530024CE6C /* MidTabBarView.swift in Sources */,
				A36348B82CE8E937003B5322 /* AppDelegate.swift in Sources */,
				AD9263F42CEC588200F63581 /* UnderlineSegmentedControl.swift in Sources */,
				AD9263FA2CEC86CA00F63581 /* TheaterInfo.swift in Sources */,
				AD17124A2CF4E1F700BEF3ED /* TheaterTimeTable.swift in Sources */,
				A363490C2CEA4FFF003B5322 /* UIButton+.swift in Sources */,
				A363491F2CEA7C12003B5322 /* BaseViewController.swift in Sources */,
				A36349362CEC2DAF003B5322 /* GuestCountSheetViewController.swift in Sources */,
				A36349282CEA7D89003B5322 /* ReuseIdentifable.swift in Sources */,
				A36349162CEA6936003B5322 /* NSAttributedString+.swift in Sources */,
				00805C702CEFAEC90016C6F7 /* MyCGVCell.swift in Sources */,
				AD5DE9B52CF0D9FB00CA7F3E /* DateInfo.swift in Sources */,
				00805C6C2CEF242D0016C6F7 /* ReserveRateCell.swift in Sources */,
				00C774302CEBAF7F0020F5BA /* HomeItem.swift in Sources */,
				A36348F52CE9CF45003B5322 /* TimeViewController.swift in Sources */,
				AD9BE8142CEDD60800650769 /* TheaterChipButton.swift in Sources */,
				A36348BA2CE8E937003B5322 /* SceneDelegate.swift in Sources */,
				AD9263F22CEC331800F63581 /* TimeBottomSheetViewController.swift in Sources */,
				A36349322CEC2D6B003B5322 /* SeatsView.swift in Sources */,
				A36349232CEA7D06003B5322 /* BaseCollectionViewCell.swift in Sources */,
				00C7742E2CEB9BA10020F5BA /* MovieChartCell.swift in Sources */,
				0030771B2CF4CB5B008F7BDF /* MidTabBarViewController.swift in Sources */,
				00BF992C2CF0B69D000920A8 /* ProgressShareCell.swift in Sources */,
				AD5DE9B72CF0DA1B00CA7F3E /* MoviePoster.swift in Sources */,
				AD1712482CF4BA0D00BEF3ED /* TimeSwiftUIViewModel.swift in Sources */,
				AD9263F62CEC838600F63581 /* RegionType.swift in Sources */,
				A36349182CEA6E87003B5322 /* UILabel+.swift in Sources */,
				A36348E02CE8EB85003B5322 /* HomeViewController.swift in Sources */,
				AD1712592CF5DD1B00BEF3ED /* TimeCellButton.swift in Sources */,
				AD1712532CF5B94100BEF3ED /* Font+.swift in Sources */,
				AD9263F02CEB747900F63581 /* TimeBottomSheetView.swift in Sources */,
				AD17124E2CF5B8D600BEF3ED /* DateCell.swift in Sources */,
				A36349252CEA7D34003B5322 /* BaseTableViewCell.swift in Sources */,
				A363491C2CEA75E2003B5322 /* UIColor+.swift in Sources */,
				AD9263F82CEC868D00F63581 /* RegionInfo.swift in Sources */,
				AD1712462CF4A11500BEF3ED /* TimeSwiftUIView.swift in Sources */,
				A36349212CEA7C1A003B5322 /* BaseView.swift in Sources */,
				AD17124C2CF5B88C00BEF3ED /* GradientBackgroundView.swift in Sources */,
				A36349342CEC2D9F003B5322 /* GuestCountSheetView.swift in Sources */,
				AD1712512CF5B92D00BEF3ED /* Color+.swift in Sources */,
				A36348F72CE9CF5B003B5322 /* SeatsViewController.swift in Sources */,
				0060567F2CEC6C9000482BEC /* HomeView.swift in Sources */,
				A300A4802CF021360063DFF4 /* BookingSheetViewController.swift in Sources */,
				0032F4BB2CEDDB4800F14451 /* TopHeaderViewCell.swift in Sources */,
				A300A4822CF021410063DFF4 /* BookingSheetView.swift in Sources */,
				00C774282CEB98830020F5BA /* MidHeaderView.swift in Sources */,
				AD9BE8122CEDBC1C00650769 /* TheaterButton.swift in Sources */,
				A36349392CEC971B003B5322 /* GuestCountButton.swift in Sources */,
				A363491A2CEA7253003B5322 /* CAGradientLayer+.swift in Sources */,
				A300A4752CEF3E5C0063DFF4 /* SeatsCollectionViewCell.swift in Sources */,
			);
			runOnlyForDeploymentPostprocessing = 0;
		};
/* End PBXSourcesBuildPhase section */

/* Begin PBXVariantGroup section */
		A36348C22CE8E938003B5322 /* LaunchScreen.storyboard */ = {
			isa = PBXVariantGroup;
			children = (
				A36348C32CE8E938003B5322 /* Base */,
			);
			name = LaunchScreen.storyboard;
			sourceTree = "<group>";
		};
/* End PBXVariantGroup section */

/* Begin XCBuildConfiguration section */
		A36348C62CE8E938003B5322 /* Debug */ = {
			isa = XCBuildConfiguration;
			buildSettings = {
				ALWAYS_SEARCH_USER_PATHS = NO;
				ASSETCATALOG_COMPILER_GENERATE_SWIFT_ASSET_SYMBOL_EXTENSIONS = YES;
				CLANG_ANALYZER_NONNULL = YES;
				CLANG_ANALYZER_NUMBER_OBJECT_CONVERSION = YES_AGGRESSIVE;
				CLANG_CXX_LANGUAGE_STANDARD = "gnu++20";
				CLANG_ENABLE_MODULES = YES;
				CLANG_ENABLE_OBJC_ARC = YES;
				CLANG_ENABLE_OBJC_WEAK = YES;
				CLANG_WARN_BLOCK_CAPTURE_AUTORELEASING = YES;
				CLANG_WARN_BOOL_CONVERSION = YES;
				CLANG_WARN_COMMA = YES;
				CLANG_WARN_CONSTANT_CONVERSION = YES;
				CLANG_WARN_DEPRECATED_OBJC_IMPLEMENTATIONS = YES;
				CLANG_WARN_DIRECT_OBJC_ISA_USAGE = YES_ERROR;
				CLANG_WARN_DOCUMENTATION_COMMENTS = YES;
				CLANG_WARN_EMPTY_BODY = YES;
				CLANG_WARN_ENUM_CONVERSION = YES;
				CLANG_WARN_INFINITE_RECURSION = YES;
				CLANG_WARN_INT_CONVERSION = YES;
				CLANG_WARN_NON_LITERAL_NULL_CONVERSION = YES;
				CLANG_WARN_OBJC_IMPLICIT_RETAIN_SELF = YES;
				CLANG_WARN_OBJC_LITERAL_CONVERSION = YES;
				CLANG_WARN_OBJC_ROOT_CLASS = YES_ERROR;
				CLANG_WARN_QUOTED_INCLUDE_IN_FRAMEWORK_HEADER = YES;
				CLANG_WARN_RANGE_LOOP_ANALYSIS = YES;
				CLANG_WARN_STRICT_PROTOTYPES = YES;
				CLANG_WARN_SUSPICIOUS_MOVE = YES;
				CLANG_WARN_UNGUARDED_AVAILABILITY = YES_AGGRESSIVE;
				CLANG_WARN_UNREACHABLE_CODE = YES;
				CLANG_WARN__DUPLICATE_METHOD_MATCH = YES;
				COPY_PHASE_STRIP = NO;
				DEBUG_INFORMATION_FORMAT = dwarf;
				ENABLE_STRICT_OBJC_MSGSEND = YES;
				ENABLE_TESTABILITY = YES;
				ENABLE_USER_SCRIPT_SANDBOXING = YES;
				GCC_C_LANGUAGE_STANDARD = gnu17;
				GCC_DYNAMIC_NO_PIC = NO;
				GCC_NO_COMMON_BLOCKS = YES;
				GCC_OPTIMIZATION_LEVEL = 0;
				GCC_PREPROCESSOR_DEFINITIONS = (
					"DEBUG=1",
					"$(inherited)",
				);
				GCC_WARN_64_TO_32_BIT_CONVERSION = YES;
				GCC_WARN_ABOUT_RETURN_TYPE = YES_ERROR;
				GCC_WARN_UNDECLARED_SELECTOR = YES;
				GCC_WARN_UNINITIALIZED_AUTOS = YES_AGGRESSIVE;
				GCC_WARN_UNUSED_FUNCTION = YES;
				GCC_WARN_UNUSED_VARIABLE = YES;
				IPHONEOS_DEPLOYMENT_TARGET = 17.5;
				LOCALIZATION_PREFERS_STRING_CATALOGS = YES;
				MTL_ENABLE_DEBUG_INFO = INCLUDE_SOURCE;
				MTL_FAST_MATH = YES;
				ONLY_ACTIVE_ARCH = YES;
				SDKROOT = iphoneos;
				SWIFT_ACTIVE_COMPILATION_CONDITIONS = "DEBUG $(inherited)";
				SWIFT_OPTIMIZATION_LEVEL = "-Onone";
			};
			name = Debug;
		};
		A36348C72CE8E938003B5322 /* Release */ = {
			isa = XCBuildConfiguration;
			buildSettings = {
				ALWAYS_SEARCH_USER_PATHS = NO;
				ASSETCATALOG_COMPILER_GENERATE_SWIFT_ASSET_SYMBOL_EXTENSIONS = YES;
				CLANG_ANALYZER_NONNULL = YES;
				CLANG_ANALYZER_NUMBER_OBJECT_CONVERSION = YES_AGGRESSIVE;
				CLANG_CXX_LANGUAGE_STANDARD = "gnu++20";
				CLANG_ENABLE_MODULES = YES;
				CLANG_ENABLE_OBJC_ARC = YES;
				CLANG_ENABLE_OBJC_WEAK = YES;
				CLANG_WARN_BLOCK_CAPTURE_AUTORELEASING = YES;
				CLANG_WARN_BOOL_CONVERSION = YES;
				CLANG_WARN_COMMA = YES;
				CLANG_WARN_CONSTANT_CONVERSION = YES;
				CLANG_WARN_DEPRECATED_OBJC_IMPLEMENTATIONS = YES;
				CLANG_WARN_DIRECT_OBJC_ISA_USAGE = YES_ERROR;
				CLANG_WARN_DOCUMENTATION_COMMENTS = YES;
				CLANG_WARN_EMPTY_BODY = YES;
				CLANG_WARN_ENUM_CONVERSION = YES;
				CLANG_WARN_INFINITE_RECURSION = YES;
				CLANG_WARN_INT_CONVERSION = YES;
				CLANG_WARN_NON_LITERAL_NULL_CONVERSION = YES;
				CLANG_WARN_OBJC_IMPLICIT_RETAIN_SELF = YES;
				CLANG_WARN_OBJC_LITERAL_CONVERSION = YES;
				CLANG_WARN_OBJC_ROOT_CLASS = YES_ERROR;
				CLANG_WARN_QUOTED_INCLUDE_IN_FRAMEWORK_HEADER = YES;
				CLANG_WARN_RANGE_LOOP_ANALYSIS = YES;
				CLANG_WARN_STRICT_PROTOTYPES = YES;
				CLANG_WARN_SUSPICIOUS_MOVE = YES;
				CLANG_WARN_UNGUARDED_AVAILABILITY = YES_AGGRESSIVE;
				CLANG_WARN_UNREACHABLE_CODE = YES;
				CLANG_WARN__DUPLICATE_METHOD_MATCH = YES;
				COPY_PHASE_STRIP = NO;
				DEBUG_INFORMATION_FORMAT = "dwarf-with-dsym";
				ENABLE_NS_ASSERTIONS = NO;
				ENABLE_STRICT_OBJC_MSGSEND = YES;
				ENABLE_USER_SCRIPT_SANDBOXING = YES;
				GCC_C_LANGUAGE_STANDARD = gnu17;
				GCC_NO_COMMON_BLOCKS = YES;
				GCC_WARN_64_TO_32_BIT_CONVERSION = YES;
				GCC_WARN_ABOUT_RETURN_TYPE = YES_ERROR;
				GCC_WARN_UNDECLARED_SELECTOR = YES;
				GCC_WARN_UNINITIALIZED_AUTOS = YES_AGGRESSIVE;
				GCC_WARN_UNUSED_FUNCTION = YES;
				GCC_WARN_UNUSED_VARIABLE = YES;
				IPHONEOS_DEPLOYMENT_TARGET = 17.5;
				LOCALIZATION_PREFERS_STRING_CATALOGS = YES;
				MTL_ENABLE_DEBUG_INFO = NO;
				MTL_FAST_MATH = YES;
				SDKROOT = iphoneos;
				SWIFT_COMPILATION_MODE = wholemodule;
				VALIDATE_PRODUCT = YES;
			};
			name = Release;
		};
		A36348C92CE8E938003B5322 /* Debug */ = {
			isa = XCBuildConfiguration;
			buildSettings = {
				ASSETCATALOG_COMPILER_APPICON_NAME = AppIcon;
				ASSETCATALOG_COMPILER_GLOBAL_ACCENT_COLOR_NAME = AccentColor;
				CODE_SIGN_STYLE = Automatic;
				CURRENT_PROJECT_VERSION = 1;
				GENERATE_INFOPLIST_FILE = YES;
				INFOPLIST_FILE = CGV/Resource/Info.plist;
				INFOPLIST_KEY_UIApplicationSupportsIndirectInputEvents = YES;
				INFOPLIST_KEY_UILaunchStoryboardName = LaunchScreen;
				INFOPLIST_KEY_UISupportedInterfaceOrientations_iPad = "UIInterfaceOrientationPortrait UIInterfaceOrientationPortraitUpsideDown UIInterfaceOrientationLandscapeLeft UIInterfaceOrientationLandscapeRight";
				INFOPLIST_KEY_UISupportedInterfaceOrientations_iPhone = "UIInterfaceOrientationPortrait UIInterfaceOrientationLandscapeLeft UIInterfaceOrientationLandscapeRight";
				LD_RUNPATH_SEARCH_PATHS = (
					"$(inherited)",
					"@executable_path/Frameworks",
				);
				MARKETING_VERSION = 1.0;
				PRODUCT_BUNDLE_IDENTIFIER = suyeon.CGV;
				PRODUCT_NAME = "$(TARGET_NAME)";
				SWIFT_EMIT_LOC_STRINGS = YES;
				SWIFT_VERSION = 5.0;
				TARGETED_DEVICE_FAMILY = "1,2";
			};
			name = Debug;
		};
		A36348CA2CE8E938003B5322 /* Release */ = {
			isa = XCBuildConfiguration;
			buildSettings = {
				ASSETCATALOG_COMPILER_APPICON_NAME = AppIcon;
				ASSETCATALOG_COMPILER_GLOBAL_ACCENT_COLOR_NAME = AccentColor;
				CODE_SIGN_STYLE = Automatic;
				CURRENT_PROJECT_VERSION = 1;
				GENERATE_INFOPLIST_FILE = YES;
				INFOPLIST_FILE = CGV/Resource/Info.plist;
				INFOPLIST_KEY_UIApplicationSupportsIndirectInputEvents = YES;
				INFOPLIST_KEY_UILaunchStoryboardName = LaunchScreen;
				INFOPLIST_KEY_UISupportedInterfaceOrientations_iPad = "UIInterfaceOrientationPortrait UIInterfaceOrientationPortraitUpsideDown UIInterfaceOrientationLandscapeLeft UIInterfaceOrientationLandscapeRight";
				INFOPLIST_KEY_UISupportedInterfaceOrientations_iPhone = "UIInterfaceOrientationPortrait UIInterfaceOrientationLandscapeLeft UIInterfaceOrientationLandscapeRight";
				LD_RUNPATH_SEARCH_PATHS = (
					"$(inherited)",
					"@executable_path/Frameworks",
				);
				MARKETING_VERSION = 1.0;
				PRODUCT_BUNDLE_IDENTIFIER = suyeon.CGV;
				PRODUCT_NAME = "$(TARGET_NAME)";
				SWIFT_EMIT_LOC_STRINGS = YES;
				SWIFT_VERSION = 5.0;
				TARGETED_DEVICE_FAMILY = "1,2";
			};
			name = Release;
		};
/* End XCBuildConfiguration section */

/* Begin XCConfigurationList section */
		A36348AF2CE8E937003B5322 /* Build configuration list for PBXProject "CGV" */ = {
			isa = XCConfigurationList;
			buildConfigurations = (
				A36348C62CE8E938003B5322 /* Debug */,
				A36348C72CE8E938003B5322 /* Release */,
			);
			defaultConfigurationIsVisible = 0;
			defaultConfigurationName = Release;
		};
		A36348C82CE8E938003B5322 /* Build configuration list for PBXNativeTarget "CGV" */ = {
			isa = XCConfigurationList;
			buildConfigurations = (
				A36348C92CE8E938003B5322 /* Debug */,
				A36348CA2CE8E938003B5322 /* Release */,
			);
			defaultConfigurationIsVisible = 0;
			defaultConfigurationName = Release;
		};
/* End XCConfigurationList section */

/* Begin XCRemoteSwiftPackageReference section */
		A36348D72CE8EB3F003B5322 /* XCRemoteSwiftPackageReference "SnapKit" */ = {
			isa = XCRemoteSwiftPackageReference;
			repositoryURL = "https://github.com/SnapKit/SnapKit.git";
			requirement = {
				kind = upToNextMajorVersion;
				minimumVersion = 5.7.1;
			};
		};
		A36348DA2CE8EB46003B5322 /* XCRemoteSwiftPackageReference "Then" */ = {
			isa = XCRemoteSwiftPackageReference;
			repositoryURL = "https://github.com/devxoul/Then";
			requirement = {
				kind = upToNextMajorVersion;
				minimumVersion = 3.0.0;
			};
		};
		A3ED0ABF2CF74E610074B07A /* XCRemoteSwiftPackageReference "Moya" */ = {
			isa = XCRemoteSwiftPackageReference;
			repositoryURL = "https://github.com/Moya/Moya";
			requirement = {
				kind = upToNextMajorVersion;
				minimumVersion = 15.0.3;
			};
		};
/* End XCRemoteSwiftPackageReference section */

/* Begin XCSwiftPackageProductDependency section */
		A36348D82CE8EB3F003B5322 /* SnapKit */ = {
			isa = XCSwiftPackageProductDependency;
			package = A36348D72CE8EB3F003B5322 /* XCRemoteSwiftPackageReference "SnapKit" */;
			productName = SnapKit;
		};
		A36348DB2CE8EB46003B5322 /* Then */ = {
			isa = XCSwiftPackageProductDependency;
			package = A36348DA2CE8EB46003B5322 /* XCRemoteSwiftPackageReference "Then" */;
			productName = Then;
		};
		A3ED0AC02CF74E610074B07A /* Moya */ = {
			isa = XCSwiftPackageProductDependency;
			package = A3ED0ABF2CF74E610074B07A /* XCRemoteSwiftPackageReference "Moya" */;
			productName = Moya;
		};
/* End XCSwiftPackageProductDependency section */
	};
	rootObject = A36348AC2CE8E937003B5322 /* Project object */;
}
