// !$*UTF8*$!
{
	archiveVersion = 1;
	classes = {
	};
	objectVersion = 56;
	objects = {

/* Begin PBXBuildFile section */
		00ED4AF12CE9E67900E562FA /* .gitignore in Resources */ = {isa = PBXBuildFile; fileRef = 00ED4AF02CE9E67900E562FA /* .gitignore */; };
		A36348B82CE8E937003B5322 /* AppDelegate.swift in Sources */ = {isa = PBXBuildFile; fileRef = A36348B72CE8E937003B5322 /* AppDelegate.swift */; };
		A36348BA2CE8E937003B5322 /* SceneDelegate.swift in Sources */ = {isa = PBXBuildFile; fileRef = A36348B92CE8E937003B5322 /* SceneDelegate.swift */; };
		A36348C12CE8E938003B5322 /* Assets.xcassets in Resources */ = {isa = PBXBuildFile; fileRef = A36348C02CE8E938003B5322 /* Assets.xcassets */; };
		A36348C42CE8E938003B5322 /* Base in Resources */ = {isa = PBXBuildFile; fileRef = A36348C32CE8E938003B5322 /* Base */; };
		A36348D92CE8EB3F003B5322 /* SnapKit in Frameworks */ = {isa = PBXBuildFile; productRef = A36348D82CE8EB3F003B5322 /* SnapKit */; };
		A36348DC2CE8EB46003B5322 /* Then in Frameworks */ = {isa = PBXBuildFile; productRef = A36348DB2CE8EB46003B5322 /* Then */; };
		A36348E02CE8EB85003B5322 /* HomeViewController.swift in Sources */ = {isa = PBXBuildFile; fileRef = A36348DF2CE8EB85003B5322 /* HomeViewController.swift */; };
		A36348F52CE9CF45003B5322 /* TimeViewController.swift in Sources */ = {isa = PBXBuildFile; fileRef = A36348F42CE9CF45003B5322 /* TimeViewController.swift */; };
		A36348F72CE9CF5B003B5322 /* SeatsViewController.swift in Sources */ = {isa = PBXBuildFile; fileRef = A36348F62CE9CF5B003B5322 /* SeatsViewController.swift */; };
		A36349042CEA49D4003B5322 /* UIView+.swift in Sources */ = {isa = PBXBuildFile; fileRef = A36349032CEA49D4003B5322 /* UIView+.swift */; };
		A36349062CEA4A70003B5322 /* UIStackView+.swift in Sources */ = {isa = PBXBuildFile; fileRef = A36349052CEA4A70003B5322 /* UIStackView+.swift */; };
		A36349082CEA4AA0003B5322 /* UIFont+.swift in Sources */ = {isa = PBXBuildFile; fileRef = A36349072CEA4AA0003B5322 /* UIFont+.swift */; };
		A363490C2CEA4FFF003B5322 /* UIButton+.swift in Sources */ = {isa = PBXBuildFile; fileRef = A363490B2CEA4FFF003B5322 /* UIButton+.swift */; };
		A363490F2CEA6608003B5322 /* KoPubWorldDotumBold.ttf in Resources */ = {isa = PBXBuildFile; fileRef = A363490D2CEA6607003B5322 /* KoPubWorldDotumBold.ttf */; };
		A36349102CEA6608003B5322 /* KoPubWorldDotumMedium.ttf in Resources */ = {isa = PBXBuildFile; fileRef = A363490E2CEA6608003B5322 /* KoPubWorldDotumMedium.ttf */; };
		A36349132CEA6612003B5322 /* MalgunGothicBold.ttf in Resources */ = {isa = PBXBuildFile; fileRef = A36349112CEA6612003B5322 /* MalgunGothicBold.ttf */; };
		A36349142CEA6612003B5322 /* MalgunGothicRegular.ttf in Resources */ = {isa = PBXBuildFile; fileRef = A36349122CEA6612003B5322 /* MalgunGothicRegular.ttf */; };
		A36349162CEA6936003B5322 /* NSAttributedString+.swift in Sources */ = {isa = PBXBuildFile; fileRef = A36349152CEA6936003B5322 /* NSAttributedString+.swift */; };
		A36349182CEA6E87003B5322 /* UILabel+.swift in Sources */ = {isa = PBXBuildFile; fileRef = A36349172CEA6E87003B5322 /* UILabel+.swift */; };
		A363491A2CEA7253003B5322 /* CAGradientLayer+.swift in Sources */ = {isa = PBXBuildFile; fileRef = A36349192CEA7253003B5322 /* CAGradientLayer+.swift */; };
		A363491C2CEA75E2003B5322 /* UIColor+.swift in Sources */ = {isa = PBXBuildFile; fileRef = A363491B2CEA75E2003B5322 /* UIColor+.swift */; };
		A363491F2CEA7C12003B5322 /* BaseViewController.swift in Sources */ = {isa = PBXBuildFile; fileRef = A363491E2CEA7C11003B5322 /* BaseViewController.swift */; };
		A36349212CEA7C1A003B5322 /* BaseView.swift in Sources */ = {isa = PBXBuildFile; fileRef = A36349202CEA7C1A003B5322 /* BaseView.swift */; };
		A36349232CEA7D06003B5322 /* BaseCollectionViewCell.swift in Sources */ = {isa = PBXBuildFile; fileRef = A36349222CEA7D06003B5322 /* BaseCollectionViewCell.swift */; };
		A36349252CEA7D34003B5322 /* BaseTableViewCell.swift in Sources */ = {isa = PBXBuildFile; fileRef = A36349242CEA7D34003B5322 /* BaseTableViewCell.swift */; };
		A36349282CEA7D89003B5322 /* ReuseIdentifable.swift in Sources */ = {isa = PBXBuildFile; fileRef = A36349272CEA7D89003B5322 /* ReuseIdentifable.swift */; };
		A36349322CEC2D6B003B5322 /* SeatsView.swift in Sources */ = {isa = PBXBuildFile; fileRef = A36349312CEC2D6B003B5322 /* SeatsView.swift */; };
		A36349342CEC2D9F003B5322 /* GuestCountSheetView.swift in Sources */ = {isa = PBXBuildFile; fileRef = A36349332CEC2D9F003B5322 /* GuestCountSheetView.swift */; };
		A36349362CEC2DAF003B5322 /* GuestCountSheetViewController.swift in Sources */ = {isa = PBXBuildFile; fileRef = A36349352CEC2DAF003B5322 /* GuestCountSheetViewController.swift */; };
		A36349392CEC971B003B5322 /* GuestCountButton.swift in Sources */ = {isa = PBXBuildFile; fileRef = A36349382CEC971B003B5322 /* GuestCountButton.swift */; };
		ADB60EE32CEA1A8B005C6EAC /* Colors.xcassets in Resources */ = {isa = PBXBuildFile; fileRef = ADB60EE22CEA1A8B005C6EAC /* Colors.xcassets */; };
/* End PBXBuildFile section */

/* Begin PBXFileReference section */
		00ED4AF02CE9E67900E562FA /* .gitignore */ = {isa = PBXFileReference; lastKnownFileType = text; path = .gitignore; sourceTree = "<group>"; };
		A36348B42CE8E937003B5322 /* CGV.app */ = {isa = PBXFileReference; explicitFileType = wrapper.application; includeInIndex = 0; path = CGV.app; sourceTree = BUILT_PRODUCTS_DIR; };
		A36348B72CE8E937003B5322 /* AppDelegate.swift */ = {isa = PBXFileReference; lastKnownFileType = sourcecode.swift; path = AppDelegate.swift; sourceTree = "<group>"; };
		A36348B92CE8E937003B5322 /* SceneDelegate.swift */ = {isa = PBXFileReference; lastKnownFileType = sourcecode.swift; path = SceneDelegate.swift; sourceTree = "<group>"; };
		A36348C02CE8E938003B5322 /* Assets.xcassets */ = {isa = PBXFileReference; lastKnownFileType = folder.assetcatalog; path = Assets.xcassets; sourceTree = "<group>"; };
		A36348C32CE8E938003B5322 /* Base */ = {isa = PBXFileReference; lastKnownFileType = file.storyboard; name = Base; path = Base.lproj/LaunchScreen.storyboard; sourceTree = "<group>"; };
		A36348C52CE8E938003B5322 /* Info.plist */ = {isa = PBXFileReference; lastKnownFileType = text.plist.xml; path = Info.plist; sourceTree = "<group>"; };
		A36348DF2CE8EB85003B5322 /* HomeViewController.swift */ = {isa = PBXFileReference; lastKnownFileType = sourcecode.swift; path = HomeViewController.swift; sourceTree = "<group>"; };
		A36348F42CE9CF45003B5322 /* TimeViewController.swift */ = {isa = PBXFileReference; lastKnownFileType = sourcecode.swift; path = TimeViewController.swift; sourceTree = "<group>"; };
		A36348F62CE9CF5B003B5322 /* SeatsViewController.swift */ = {isa = PBXFileReference; lastKnownFileType = sourcecode.swift; path = SeatsViewController.swift; sourceTree = "<group>"; };
		A36349032CEA49D4003B5322 /* UIView+.swift */ = {isa = PBXFileReference; lastKnownFileType = sourcecode.swift; path = "UIView+.swift"; sourceTree = "<group>"; };
		A36349052CEA4A70003B5322 /* UIStackView+.swift */ = {isa = PBXFileReference; lastKnownFileType = sourcecode.swift; path = "UIStackView+.swift"; sourceTree = "<group>"; };
		A36349072CEA4AA0003B5322 /* UIFont+.swift */ = {isa = PBXFileReference; lastKnownFileType = sourcecode.swift; path = "UIFont+.swift"; sourceTree = "<group>"; };
		A363490B2CEA4FFF003B5322 /* UIButton+.swift */ = {isa = PBXFileReference; lastKnownFileType = sourcecode.swift; path = "UIButton+.swift"; sourceTree = "<group>"; };
		A363490D2CEA6607003B5322 /* KoPubWorldDotumBold.ttf */ = {isa = PBXFileReference; lastKnownFileType = file; path = KoPubWorldDotumBold.ttf; sourceTree = "<group>"; };
		A363490E2CEA6608003B5322 /* KoPubWorldDotumMedium.ttf */ = {isa = PBXFileReference; lastKnownFileType = file; path = KoPubWorldDotumMedium.ttf; sourceTree = "<group>"; };
		A36349112CEA6612003B5322 /* MalgunGothicBold.ttf */ = {isa = PBXFileReference; lastKnownFileType = file; path = MalgunGothicBold.ttf; sourceTree = "<group>"; };
		A36349122CEA6612003B5322 /* MalgunGothicRegular.ttf */ = {isa = PBXFileReference; lastKnownFileType = file; path = MalgunGothicRegular.ttf; sourceTree = "<group>"; };
		A36349152CEA6936003B5322 /* NSAttributedString+.swift */ = {isa = PBXFileReference; lastKnownFileType = sourcecode.swift; path = "NSAttributedString+.swift"; sourceTree = "<group>"; };
		A36349172CEA6E87003B5322 /* UILabel+.swift */ = {isa = PBXFileReference; lastKnownFileType = sourcecode.swift; path = "UILabel+.swift"; sourceTree = "<group>"; };
		A36349192CEA7253003B5322 /* CAGradientLayer+.swift */ = {isa = PBXFileReference; lastKnownFileType = sourcecode.swift; path = "CAGradientLayer+.swift"; sourceTree = "<group>"; };
		A363491B2CEA75E2003B5322 /* UIColor+.swift */ = {isa = PBXFileReference; lastKnownFileType = sourcecode.swift; path = "UIColor+.swift"; sourceTree = "<group>"; };
		A363491E2CEA7C11003B5322 /* BaseViewController.swift */ = {isa = PBXFileReference; lastKnownFileType = sourcecode.swift; path = BaseViewController.swift; sourceTree = "<group>"; };
		A36349202CEA7C1A003B5322 /* BaseView.swift */ = {isa = PBXFileReference; lastKnownFileType = sourcecode.swift; path = BaseView.swift; sourceTree = "<group>"; };
		A36349222CEA7D06003B5322 /* BaseCollectionViewCell.swift */ = {isa = PBXFileReference; lastKnownFileType = sourcecode.swift; path = BaseCollectionViewCell.swift; sourceTree = "<group>"; };
		A36349242CEA7D34003B5322 /* BaseTableViewCell.swift */ = {isa = PBXFileReference; lastKnownFileType = sourcecode.swift; path = BaseTableViewCell.swift; sourceTree = "<group>"; };
		A36349272CEA7D89003B5322 /* ReuseIdentifable.swift */ = {isa = PBXFileReference; lastKnownFileType = sourcecode.swift; path = ReuseIdentifable.swift; sourceTree = "<group>"; };
		A36349312CEC2D6B003B5322 /* SeatsView.swift */ = {isa = PBXFileReference; lastKnownFileType = sourcecode.swift; path = SeatsView.swift; sourceTree = "<group>"; };
		A36349332CEC2D9F003B5322 /* GuestCountSheetView.swift */ = {isa = PBXFileReference; lastKnownFileType = sourcecode.swift; path = GuestCountSheetView.swift; sourceTree = "<group>"; };
		A36349352CEC2DAF003B5322 /* GuestCountSheetViewController.swift */ = {isa = PBXFileReference; lastKnownFileType = sourcecode.swift; path = GuestCountSheetViewController.swift; sourceTree = "<group>"; };
		A36349382CEC971B003B5322 /* GuestCountButton.swift */ = {isa = PBXFileReference; lastKnownFileType = sourcecode.swift; path = GuestCountButton.swift; sourceTree = "<group>"; };
		ADB60EE22CEA1A8B005C6EAC /* Colors.xcassets */ = {isa = PBXFileReference; lastKnownFileType = folder.assetcatalog; path = Colors.xcassets; sourceTree = "<group>"; };
/* End PBXFileReference section */

/* Begin PBXFrameworksBuildPhase section */
		A36348B12CE8E937003B5322 /* Frameworks */ = {
			isa = PBXFrameworksBuildPhase;
			buildActionMask = 2147483647;
			files = (
				A36348D92CE8EB3F003B5322 /* SnapKit in Frameworks */,
				A36348DC2CE8EB46003B5322 /* Then in Frameworks */,
			);
			runOnlyForDeploymentPostprocessing = 0;
		};
/* End PBXFrameworksBuildPhase section */

/* Begin PBXGroup section */
		A36348AB2CE8E937003B5322 = {
			isa = PBXGroup;
			children = (
				00ED4AF02CE9E67900E562FA /* .gitignore */,
				A36348B62CE8E937003B5322 /* CGV */,
				A36348B52CE8E937003B5322 /* Products */,
			);
			sourceTree = "<group>";
		};
		A36348B52CE8E937003B5322 /* Products */ = {
			isa = PBXGroup;
			children = (
				A36348B42CE8E937003B5322 /* CGV.app */,
			);
			name = Products;
			sourceTree = "<group>";
		};
		A36348B62CE8E937003B5322 /* CGV */ = {
			isa = PBXGroup;
			children = (
				A36348CB2CE8E9C8003B5322 /* Application */,
				A36348CC2CE8E9DC003B5322 /* Resource */,
				A36348CF2CE8E9FD003B5322 /* Presentation */,
			);
			path = CGV;
			sourceTree = "<group>";
		};
		A36348CB2CE8E9C8003B5322 /* Application */ = {
			isa = PBXGroup;
			children = (
				A36348B72CE8E937003B5322 /* AppDelegate.swift */,
				A36348B92CE8E937003B5322 /* SceneDelegate.swift */,
			);
			path = Application;
			sourceTree = "<group>";
		};
		A36348CC2CE8E9DC003B5322 /* Resource */ = {
			isa = PBXGroup;
			children = (
				A363491D2CEA7BF1003B5322 /* Base */,
				A36349372CEC96F5003B5322 /* Components */,
				A36349022CEA49C0003B5322 /* Extensions */,
				A36349262CEA7D71003B5322 /* Util */,
				A36348F82CEA4857003B5322 /* Fonts */,
				A36348C02CE8E938003B5322 /* Assets.xcassets */,
				ADB60EE22CEA1A8B005C6EAC /* Colors.xcassets */,
				A36348C52CE8E938003B5322 /* Info.plist */,
				A36348C22CE8E938003B5322 /* LaunchScreen.storyboard */,
			);
			path = Resource;
			sourceTree = "<group>";
		};
		A36348CF2CE8E9FD003B5322 /* Presentation */ = {
			isa = PBXGroup;
			children = (
				A36348D42CE8EA3A003B5322 /* Home */,
				A36348D52CE8EA3E003B5322 /* Time */,
				A36348D62CE8EA47003B5322 /* Seats */,
			);
			path = Presentation;
			sourceTree = "<group>";
		};
		A36348D42CE8EA3A003B5322 /* Home */ = {
			isa = PBXGroup;
			children = (
				A36348DF2CE8EB85003B5322 /* HomeViewController.swift */,
			);
			path = Home;
			sourceTree = "<group>";
		};
		A36348D52CE8EA3E003B5322 /* Time */ = {
			isa = PBXGroup;
			children = (
				A36348F42CE9CF45003B5322 /* TimeViewController.swift */,
			);
			path = Time;
			sourceTree = "<group>";
		};
		A36348D62CE8EA47003B5322 /* Seats */ = {
			isa = PBXGroup;
			children = (
				A36349302CEC2D5A003B5322 /* View */,
				A363492F2CEC2D47003B5322 /* ViewController */,
			);
			path = Seats;
			sourceTree = "<group>";
		};
		A36348F82CEA4857003B5322 /* Fonts */ = {
			isa = PBXGroup;
			children = (
				A363490D2CEA6607003B5322 /* KoPubWorldDotumBold.ttf */,
				A363490E2CEA6608003B5322 /* KoPubWorldDotumMedium.ttf */,
				A36349112CEA6612003B5322 /* MalgunGothicBold.ttf */,
				A36349122CEA6612003B5322 /* MalgunGothicRegular.ttf */,
			);
			path = Fonts;
			sourceTree = "<group>";
		};
		A36349022CEA49C0003B5322 /* Extensions */ = {
			isa = PBXGroup;
			children = (
				A36349032CEA49D4003B5322 /* UIView+.swift */,
				A36349052CEA4A70003B5322 /* UIStackView+.swift */,
				A36349072CEA4AA0003B5322 /* UIFont+.swift */,
				A36349172CEA6E87003B5322 /* UILabel+.swift */,
				A363490B2CEA4FFF003B5322 /* UIButton+.swift */,
				A36349152CEA6936003B5322 /* NSAttributedString+.swift */,
				A363491B2CEA75E2003B5322 /* UIColor+.swift */,
				A36349192CEA7253003B5322 /* CAGradientLayer+.swift */,
			);
			path = Extensions;
			sourceTree = "<group>";
		};
		A363491D2CEA7BF1003B5322 /* Base */ = {
			isa = PBXGroup;
			children = (
				A36349202CEA7C1A003B5322 /* BaseView.swift */,
				A363491E2CEA7C11003B5322 /* BaseViewController.swift */,
				A36349242CEA7D34003B5322 /* BaseTableViewCell.swift */,
				A36349222CEA7D06003B5322 /* BaseCollectionViewCell.swift */,
			);
			path = Base;
			sourceTree = "<group>";
		};
		A36349262CEA7D71003B5322 /* Util */ = {
			isa = PBXGroup;
			children = (
				A36349272CEA7D89003B5322 /* ReuseIdentifable.swift */,
			);
			path = Util;
			sourceTree = "<group>";
		};
		A363492F2CEC2D47003B5322 /* ViewController */ = {
			isa = PBXGroup;
			children = (
				A36348F62CE9CF5B003B5322 /* SeatsViewController.swift */,
				A36349352CEC2DAF003B5322 /* GuestCountSheetViewController.swift */,
			);
			path = ViewController;
			sourceTree = "<group>";
		};
		A36349302CEC2D5A003B5322 /* View */ = {
			isa = PBXGroup;
			children = (
				A36349312CEC2D6B003B5322 /* SeatsView.swift */,
				A36349332CEC2D9F003B5322 /* GuestCountSheetView.swift */,
			);
			path = View;
			sourceTree = "<group>";
		};
		A36349372CEC96F5003B5322 /* Components */ = {
			isa = PBXGroup;
			children = (
				A36349382CEC971B003B5322 /* GuestCountButton.swift */,
			);
			path = Components;
			sourceTree = "<group>";
		};
/* End PBXGroup section */

/* Begin PBXNativeTarget section */
		A36348B32CE8E937003B5322 /* CGV */ = {
			isa = PBXNativeTarget;
			buildConfigurationList = A36348C82CE8E938003B5322 /* Build configuration list for PBXNativeTarget "CGV" */;
			buildPhases = (
				A36348B02CE8E937003B5322 /* Sources */,
				A36348B12CE8E937003B5322 /* Frameworks */,
				A36348B22CE8E937003B5322 /* Resources */,
			);
			buildRules = (
			);
			dependencies = (
			);
			name = CGV;
			packageProductDependencies = (
				A36348D82CE8EB3F003B5322 /* SnapKit */,
				A36348DB2CE8EB46003B5322 /* Then */,
			);
			productName = CGV;
			productReference = A36348B42CE8E937003B5322 /* CGV.app */;
			productType = "com.apple.product-type.application";
		};
/* End PBXNativeTarget section */

/* Begin PBXProject section */
		A36348AC2CE8E937003B5322 /* Project object */ = {
			isa = PBXProject;
			attributes = {
				BuildIndependentTargetsInParallel = 1;
				LastSwiftUpdateCheck = 1540;
				LastUpgradeCheck = 1540;
				TargetAttributes = {
					A36348B32CE8E937003B5322 = {
						CreatedOnToolsVersion = 15.4;
					};
				};
			};
			buildConfigurationList = A36348AF2CE8E937003B5322 /* Build configuration list for PBXProject "CGV" */;
			compatibilityVersion = "Xcode 14.0";
			developmentRegion = en;
			hasScannedForEncodings = 0;
			knownRegions = (
				en,
				Base,
			);
			mainGroup = A36348AB2CE8E937003B5322;
			packageReferences = (
				A36348D72CE8EB3F003B5322 /* XCRemoteSwiftPackageReference "SnapKit" */,
				A36348DA2CE8EB46003B5322 /* XCRemoteSwiftPackageReference "Then" */,
			);
			productRefGroup = A36348B52CE8E937003B5322 /* Products */;
			projectDirPath = "";
			projectRoot = "";
			targets = (
				A36348B32CE8E937003B5322 /* CGV */,
			);
		};
/* End PBXProject section */

/* Begin PBXResourcesBuildPhase section */
		A36348B22CE8E937003B5322 /* Resources */ = {
			isa = PBXResourcesBuildPhase;
			buildActionMask = 2147483647;
			files = (
				ADB60EE32CEA1A8B005C6EAC /* Colors.xcassets in Resources */,
				A36349142CEA6612003B5322 /* MalgunGothicRegular.ttf in Resources */,
				A36348C12CE8E938003B5322 /* Assets.xcassets in Resources */,
				00ED4AF12CE9E67900E562FA /* .gitignore in Resources */,
				A36348C42CE8E938003B5322 /* Base in Resources */,
				A363490F2CEA6608003B5322 /* KoPubWorldDotumBold.ttf in Resources */,
				A36349102CEA6608003B5322 /* KoPubWorldDotumMedium.ttf in Resources */,
				A36349132CEA6612003B5322 /* MalgunGothicBold.ttf in Resources */,
			);
			runOnlyForDeploymentPostprocessing = 0;
		};
/* End PBXResourcesBuildPhase section */

/* Begin PBXSourcesBuildPhase section */
		A36348B02CE8E937003B5322 /* Sources */ = {
			isa = PBXSourcesBuildPhase;
			buildActionMask = 2147483647;
			files = (
				A36349082CEA4AA0003B5322 /* UIFont+.swift in Sources */,
				A36349062CEA4A70003B5322 /* UIStackView+.swift in Sources */,
				A36349042CEA49D4003B5322 /* UIView+.swift in Sources */,
				A36348B82CE8E937003B5322 /* AppDelegate.swift in Sources */,
				A363490C2CEA4FFF003B5322 /* UIButton+.swift in Sources */,
				A363491F2CEA7C12003B5322 /* BaseViewController.swift in Sources */,
				A36349362CEC2DAF003B5322 /* GuestCountSheetViewController.swift in Sources */,
				A36349282CEA7D89003B5322 /* ReuseIdentifable.swift in Sources */,
				A36349162CEA6936003B5322 /* NSAttributedString+.swift in Sources */,
				A36348F52CE9CF45003B5322 /* TimeViewController.swift in Sources */,
				A36348BA2CE8E937003B5322 /* SceneDelegate.swift in Sources */,
				A36349322CEC2D6B003B5322 /* SeatsView.swift in Sources */,
				A36349232CEA7D06003B5322 /* BaseCollectionViewCell.swift in Sources */,
				A36349182CEA6E87003B5322 /* UILabel+.swift in Sources */,
				A36348E02CE8EB85003B5322 /* HomeViewController.swift in Sources */,
				A36349252CEA7D34003B5322 /* BaseTableViewCell.swift in Sources */,
				A363491C2CEA75E2003B5322 /* UIColor+.swift in Sources */,
				A36349212CEA7C1A003B5322 /* BaseView.swift in Sources */,
				A36349342CEC2D9F003B5322 /* GuestCountSheetView.swift in Sources */,
				A36348F72CE9CF5B003B5322 /* SeatsViewController.swift in Sources */,
				A36349392CEC971B003B5322 /* GuestCountButton.swift in Sources */,
				A363491A2CEA7253003B5322 /* CAGradientLayer+.swift in Sources */,
			);
			runOnlyForDeploymentPostprocessing = 0;
		};
/* End PBXSourcesBuildPhase section */

/* Begin PBXVariantGroup section */
		A36348C22CE8E938003B5322 /* LaunchScreen.storyboard */ = {
			isa = PBXVariantGroup;
			children = (
				A36348C32CE8E938003B5322 /* Base */,
			);
			name = LaunchScreen.storyboard;
			sourceTree = "<group>";
		};
/* End PBXVariantGroup section */

/* Begin XCBuildConfiguration section */
		A36348C62CE8E938003B5322 /* Debug */ = {
			isa = XCBuildConfiguration;
			buildSettings = {
				ALWAYS_SEARCH_USER_PATHS = NO;
				ASSETCATALOG_COMPILER_GENERATE_SWIFT_ASSET_SYMBOL_EXTENSIONS = YES;
				CLANG_ANALYZER_NONNULL = YES;
				CLANG_ANALYZER_NUMBER_OBJECT_CONVERSION = YES_AGGRESSIVE;
				CLANG_CXX_LANGUAGE_STANDARD = "gnu++20";
				CLANG_ENABLE_MODULES = YES;
				CLANG_ENABLE_OBJC_ARC = YES;
				CLANG_ENABLE_OBJC_WEAK = YES;
				CLANG_WARN_BLOCK_CAPTURE_AUTORELEASING = YES;
				CLANG_WARN_BOOL_CONVERSION = YES;
				CLANG_WARN_COMMA = YES;
				CLANG_WARN_CONSTANT_CONVERSION = YES;
				CLANG_WARN_DEPRECATED_OBJC_IMPLEMENTATIONS = YES;
				CLANG_WARN_DIRECT_OBJC_ISA_USAGE = YES_ERROR;
				CLANG_WARN_DOCUMENTATION_COMMENTS = YES;
				CLANG_WARN_EMPTY_BODY = YES;
				CLANG_WARN_ENUM_CONVERSION = YES;
				CLANG_WARN_INFINITE_RECURSION = YES;
				CLANG_WARN_INT_CONVERSION = YES;
				CLANG_WARN_NON_LITERAL_NULL_CONVERSION = YES;
				CLANG_WARN_OBJC_IMPLICIT_RETAIN_SELF = YES;
				CLANG_WARN_OBJC_LITERAL_CONVERSION = YES;
				CLANG_WARN_OBJC_ROOT_CLASS = YES_ERROR;
				CLANG_WARN_QUOTED_INCLUDE_IN_FRAMEWORK_HEADER = YES;
				CLANG_WARN_RANGE_LOOP_ANALYSIS = YES;
				CLANG_WARN_STRICT_PROTOTYPES = YES;
				CLANG_WARN_SUSPICIOUS_MOVE = YES;
				CLANG_WARN_UNGUARDED_AVAILABILITY = YES_AGGRESSIVE;
				CLANG_WARN_UNREACHABLE_CODE = YES;
				CLANG_WARN__DUPLICATE_METHOD_MATCH = YES;
				COPY_PHASE_STRIP = NO;
				DEBUG_INFORMATION_FORMAT = dwarf;
				ENABLE_STRICT_OBJC_MSGSEND = YES;
				ENABLE_TESTABILITY = YES;
				ENABLE_USER_SCRIPT_SANDBOXING = YES;
				GCC_C_LANGUAGE_STANDARD = gnu17;
				GCC_DYNAMIC_NO_PIC = NO;
				GCC_NO_COMMON_BLOCKS = YES;
				GCC_OPTIMIZATION_LEVEL = 0;
				GCC_PREPROCESSOR_DEFINITIONS = (
					"DEBUG=1",
					"$(inherited)",
				);
				GCC_WARN_64_TO_32_BIT_CONVERSION = YES;
				GCC_WARN_ABOUT_RETURN_TYPE = YES_ERROR;
				GCC_WARN_UNDECLARED_SELECTOR = YES;
				GCC_WARN_UNINITIALIZED_AUTOS = YES_AGGRESSIVE;
				GCC_WARN_UNUSED_FUNCTION = YES;
				GCC_WARN_UNUSED_VARIABLE = YES;
				IPHONEOS_DEPLOYMENT_TARGET = 17.5;
				LOCALIZATION_PREFERS_STRING_CATALOGS = YES;
				MTL_ENABLE_DEBUG_INFO = INCLUDE_SOURCE;
				MTL_FAST_MATH = YES;
				ONLY_ACTIVE_ARCH = YES;
				SDKROOT = iphoneos;
				SWIFT_ACTIVE_COMPILATION_CONDITIONS = "DEBUG $(inherited)";
				SWIFT_OPTIMIZATION_LEVEL = "-Onone";
			};
			name = Debug;
		};
		A36348C72CE8E938003B5322 /* Release */ = {
			isa = XCBuildConfiguration;
			buildSettings = {
				ALWAYS_SEARCH_USER_PATHS = NO;
				ASSETCATALOG_COMPILER_GENERATE_SWIFT_ASSET_SYMBOL_EXTENSIONS = YES;
				CLANG_ANALYZER_NONNULL = YES;
				CLANG_ANALYZER_NUMBER_OBJECT_CONVERSION = YES_AGGRESSIVE;
				CLANG_CXX_LANGUAGE_STANDARD = "gnu++20";
				CLANG_ENABLE_MODULES = YES;
				CLANG_ENABLE_OBJC_ARC = YES;
				CLANG_ENABLE_OBJC_WEAK = YES;
				CLANG_WARN_BLOCK_CAPTURE_AUTORELEASING = YES;
				CLANG_WARN_BOOL_CONVERSION = YES;
				CLANG_WARN_COMMA = YES;
				CLANG_WARN_CONSTANT_CONVERSION = YES;
				CLANG_WARN_DEPRECATED_OBJC_IMPLEMENTATIONS = YES;
				CLANG_WARN_DIRECT_OBJC_ISA_USAGE = YES_ERROR;
				CLANG_WARN_DOCUMENTATION_COMMENTS = YES;
				CLANG_WARN_EMPTY_BODY = YES;
				CLANG_WARN_ENUM_CONVERSION = YES;
				CLANG_WARN_INFINITE_RECURSION = YES;
				CLANG_WARN_INT_CONVERSION = YES;
				CLANG_WARN_NON_LITERAL_NULL_CONVERSION = YES;
				CLANG_WARN_OBJC_IMPLICIT_RETAIN_SELF = YES;
				CLANG_WARN_OBJC_LITERAL_CONVERSION = YES;
				CLANG_WARN_OBJC_ROOT_CLASS = YES_ERROR;
				CLANG_WARN_QUOTED_INCLUDE_IN_FRAMEWORK_HEADER = YES;
				CLANG_WARN_RANGE_LOOP_ANALYSIS = YES;
				CLANG_WARN_STRICT_PROTOTYPES = YES;
				CLANG_WARN_SUSPICIOUS_MOVE = YES;
				CLANG_WARN_UNGUARDED_AVAILABILITY = YES_AGGRESSIVE;
				CLANG_WARN_UNREACHABLE_CODE = YES;
				CLANG_WARN__DUPLICATE_METHOD_MATCH = YES;
				COPY_PHASE_STRIP = NO;
				DEBUG_INFORMATION_FORMAT = "dwarf-with-dsym";
				ENABLE_NS_ASSERTIONS = NO;
				ENABLE_STRICT_OBJC_MSGSEND = YES;
				ENABLE_USER_SCRIPT_SANDBOXING = YES;
				GCC_C_LANGUAGE_STANDARD = gnu17;
				GCC_NO_COMMON_BLOCKS = YES;
				GCC_WARN_64_TO_32_BIT_CONVERSION = YES;
				GCC_WARN_ABOUT_RETURN_TYPE = YES_ERROR;
				GCC_WARN_UNDECLARED_SELECTOR = YES;
				GCC_WARN_UNINITIALIZED_AUTOS = YES_AGGRESSIVE;
				GCC_WARN_UNUSED_FUNCTION = YES;
				GCC_WARN_UNUSED_VARIABLE = YES;
				IPHONEOS_DEPLOYMENT_TARGET = 17.5;
				LOCALIZATION_PREFERS_STRING_CATALOGS = YES;
				MTL_ENABLE_DEBUG_INFO = NO;
				MTL_FAST_MATH = YES;
				SDKROOT = iphoneos;
				SWIFT_COMPILATION_MODE = wholemodule;
				VALIDATE_PRODUCT = YES;
			};
			name = Release;
		};
		A36348C92CE8E938003B5322 /* Debug */ = {
			isa = XCBuildConfiguration;
			buildSettings = {
				ASSETCATALOG_COMPILER_APPICON_NAME = AppIcon;
				ASSETCATALOG_COMPILER_GLOBAL_ACCENT_COLOR_NAME = AccentColor;
				CODE_SIGN_STYLE = Automatic;
				CURRENT_PROJECT_VERSION = 1;
				GENERATE_INFOPLIST_FILE = YES;
				INFOPLIST_FILE = CGV/Resource/Info.plist;
				INFOPLIST_KEY_UIApplicationSupportsIndirectInputEvents = YES;
				INFOPLIST_KEY_UILaunchStoryboardName = LaunchScreen;
				INFOPLIST_KEY_UISupportedInterfaceOrientations_iPad = "UIInterfaceOrientationPortrait UIInterfaceOrientationPortraitUpsideDown UIInterfaceOrientationLandscapeLeft UIInterfaceOrientationLandscapeRight";
				INFOPLIST_KEY_UISupportedInterfaceOrientations_iPhone = "UIInterfaceOrientationPortrait UIInterfaceOrientationLandscapeLeft UIInterfaceOrientationLandscapeRight";
				LD_RUNPATH_SEARCH_PATHS = (
					"$(inherited)",
					"@executable_path/Frameworks",
				);
				MARKETING_VERSION = 1.0;
				PRODUCT_BUNDLE_IDENTIFIER = suyeon.CGV;
				PRODUCT_NAME = "$(TARGET_NAME)";
				SWIFT_EMIT_LOC_STRINGS = YES;
				SWIFT_VERSION = 5.0;
				TARGETED_DEVICE_FAMILY = "1,2";
			};
			name = Debug;
		};
		A36348CA2CE8E938003B5322 /* Release */ = {
			isa = XCBuildConfiguration;
			buildSettings = {
				ASSETCATALOG_COMPILER_APPICON_NAME = AppIcon;
				ASSETCATALOG_COMPILER_GLOBAL_ACCENT_COLOR_NAME = AccentColor;
				CODE_SIGN_STYLE = Automatic;
				CURRENT_PROJECT_VERSION = 1;
				GENERATE_INFOPLIST_FILE = YES;
				INFOPLIST_FILE = CGV/Resource/Info.plist;
				INFOPLIST_KEY_UIApplicationSupportsIndirectInputEvents = YES;
				INFOPLIST_KEY_UILaunchStoryboardName = LaunchScreen;
				INFOPLIST_KEY_UISupportedInterfaceOrientations_iPad = "UIInterfaceOrientationPortrait UIInterfaceOrientationPortraitUpsideDown UIInterfaceOrientationLandscapeLeft UIInterfaceOrientationLandscapeRight";
				INFOPLIST_KEY_UISupportedInterfaceOrientations_iPhone = "UIInterfaceOrientationPortrait UIInterfaceOrientationLandscapeLeft UIInterfaceOrientationLandscapeRight";
				LD_RUNPATH_SEARCH_PATHS = (
					"$(inherited)",
					"@executable_path/Frameworks",
				);
				MARKETING_VERSION = 1.0;
				PRODUCT_BUNDLE_IDENTIFIER = suyeon.CGV;
				PRODUCT_NAME = "$(TARGET_NAME)";
				SWIFT_EMIT_LOC_STRINGS = YES;
				SWIFT_VERSION = 5.0;
				TARGETED_DEVICE_FAMILY = "1,2";
			};
			name = Release;
		};
/* End XCBuildConfiguration section */

/* Begin XCConfigurationList section */
		A36348AF2CE8E937003B5322 /* Build configuration list for PBXProject "CGV" */ = {
			isa = XCConfigurationList;
			buildConfigurations = (
				A36348C62CE8E938003B5322 /* Debug */,
				A36348C72CE8E938003B5322 /* Release */,
			);
			defaultConfigurationIsVisible = 0;
			defaultConfigurationName = Release;
		};
		A36348C82CE8E938003B5322 /* Build configuration list for PBXNativeTarget "CGV" */ = {
			isa = XCConfigurationList;
			buildConfigurations = (
				A36348C92CE8E938003B5322 /* Debug */,
				A36348CA2CE8E938003B5322 /* Release */,
			);
			defaultConfigurationIsVisible = 0;
			defaultConfigurationName = Release;
		};
/* End XCConfigurationList section */

/* Begin XCRemoteSwiftPackageReference section */
		A36348D72CE8EB3F003B5322 /* XCRemoteSwiftPackageReference "SnapKit" */ = {
			isa = XCRemoteSwiftPackageReference;
			repositoryURL = "https://github.com/SnapKit/SnapKit.git";
			requirement = {
				kind = upToNextMajorVersion;
				minimumVersion = 5.7.1;
			};
		};
		A36348DA2CE8EB46003B5322 /* XCRemoteSwiftPackageReference "Then" */ = {
			isa = XCRemoteSwiftPackageReference;
			repositoryURL = "https://github.com/devxoul/Then";
			requirement = {
				kind = upToNextMajorVersion;
				minimumVersion = 3.0.0;
			};
		};
/* End XCRemoteSwiftPackageReference section */

/* Begin XCSwiftPackageProductDependency section */
		A36348D82CE8EB3F003B5322 /* SnapKit */ = {
			isa = XCSwiftPackageProductDependency;
			package = A36348D72CE8EB3F003B5322 /* XCRemoteSwiftPackageReference "SnapKit" */;
			productName = SnapKit;
		};
		A36348DB2CE8EB46003B5322 /* Then */ = {
			isa = XCSwiftPackageProductDependency;
			package = A36348DA2CE8EB46003B5322 /* XCRemoteSwiftPackageReference "Then" */;
			productName = Then;
		};
/* End XCSwiftPackageProductDependency section */
	};
	rootObject = A36348AC2CE8E937003B5322 /* Project object */;
}
